// !$*UTF8*$!
{
	archiveVersion = 1;
	classes = {
	};
	objectVersion = 46;
	objects = {

/* Begin PBXAggregateTarget section */
		17346BAE6C1E4AE1909EDB7B /* ALL_BUILD */ = {
			isa = PBXAggregateTarget;
			buildConfigurationList = F56A5FDCB04D464A964CF0B8 /* Build configuration list for PBXAggregateTarget "ALL_BUILD" */;
			buildPhases = (
				85876E4EE76C94DDB3C74761 /* Generate CMakeFiles/ALL_BUILD */,
			);
			dependencies = (
				68DA9C3D4BFF4540A60453AD /* PBXTargetDependency */,
				0400A307B41B4059B2F164B8 /* PBXTargetDependency */,
				638005F37C4B46F8B952B564 /* PBXTargetDependency */,
				271DE366D4104575B4497F3A /* PBXTargetDependency */,
				16DCB31F28AA4A7BB49952EA /* PBXTargetDependency */,
			);
			name = ALL_BUILD;
			productName = ALL_BUILD;
		};
		323B1BDBA8974769A6753696 /* RUN_TESTS */ = {
			isa = PBXAggregateTarget;
			buildConfigurationList = DC3859B68A914B54B79D71DD /* Build configuration list for PBXAggregateTarget "RUN_TESTS" */;
			buildPhases = (
				003C8D08B0008F35F218E126 /* CMake PostBuild Rules */,
			);
			dependencies = (
			);
			name = RUN_TESTS;
			productName = RUN_TESTS;
		};
		668DFFD787644766BABFAD36 /* ZERO_CHECK */ = {
			isa = PBXAggregateTarget;
			buildConfigurationList = 64F6DC6CBD224A9DB5630120 /* Build configuration list for PBXAggregateTarget "ZERO_CHECK" */;
			buildPhases = (
				0905AFA0705A7AAE8D0278F4 /* Generate CMakeFiles/ZERO_CHECK */,
			);
			dependencies = (
			);
			name = ZERO_CHECK;
			productName = ZERO_CHECK;
		};
		790F58B9F9494A8B844FC7C9 /* install */ = {
			isa = PBXAggregateTarget;
			buildConfigurationList = 94DFE9A73F8F4D30AF5CB339 /* Build configuration list for PBXAggregateTarget "install" */;
			buildPhases = (
				93426DA6A4AC2C2AC9CE883C /* CMake PostBuild Rules */,
			);
			dependencies = (
				102A2C6356AB491EA1C58A07 /* PBXTargetDependency */,
			);
			name = install;
			productName = install;
		};
/* End PBXAggregateTarget section */

/* Begin PBXBuildFile section */
		166C6F73EB33483591F4E4ED /* /Users/tobiash/Projects/DearUI/Blink2D/extern/googletest/googletest/CMakeLists.txt */ = {isa = PBXBuildFile; fileRef = CCFEA23E3EE247A7A0B68CD5 /* /Users/tobiash/Projects/DearUI/Blink2D/extern/googletest/googletest/CMakeLists.txt */; };
		3BDA9B592608496C81EA8DDA /* /Users/tobiash/Projects/DearUI/Blink2D/extern/googletest/googletest/src/gtest_main.cc */ = {isa = PBXBuildFile; fileRef = 47C22B16B1E348969540D890 /* /Users/tobiash/Projects/DearUI/Blink2D/extern/googletest/googletest/src/gtest_main.cc */; };
		4593D9D01D494EEC8AAB057A /* /Users/tobiash/Projects/DearUI/Blink2D/extern/googletest/googlemock/CMakeLists.txt */ = {isa = PBXBuildFile; fileRef = C5D58D77E9254851A49FF65F /* /Users/tobiash/Projects/DearUI/Blink2D/extern/googletest/googlemock/CMakeLists.txt */; };
		83AFCE3ABFA444CDBCEE8916 /* /Users/tobiash/Projects/DearUI/Blink2D/extern/googletest/googletest/CMakeLists.txt */ = {isa = PBXBuildFile; fileRef = B7AC98D230FA4E0B826C7AFB /* /Users/tobiash/Projects/DearUI/Blink2D/extern/googletest/googletest/CMakeLists.txt */; };
		9F7D053EC19E43F2B8DE39C5 /* /Users/tobiash/Projects/DearUI/Blink2D/extern/googletest/googletest/src/gtest-all.cc */ = {isa = PBXBuildFile; fileRef = 84D76674710B418784635442 /* /Users/tobiash/Projects/DearUI/Blink2D/extern/googletest/googletest/src/gtest-all.cc */; };
		AB6F81F633424525B54F2A96 /* /Users/tobiash/Projects/DearUI/Blink2D/extern/googletest/googlemock/src/gmock_main.cc */ = {isa = PBXBuildFile; fileRef = 27542ECBCEBC456C9D172BC2 /* /Users/tobiash/Projects/DearUI/Blink2D/extern/googletest/googlemock/src/gmock_main.cc */; };
		C60CD0C7A9924F148B4ADE37 /* /Users/tobiash/Projects/DearUI/Blink2D/extern/googletest/googlemock/CMakeLists.txt */ = {isa = PBXBuildFile; fileRef = 247BE64468B9434EB031284E /* /Users/tobiash/Projects/DearUI/Blink2D/extern/googletest/googlemock/CMakeLists.txt */; };
		FCD171B2196342628F0BDFAA /* /Users/tobiash/Projects/DearUI/Blink2D/extern/googletest/googlemock/src/gmock-all.cc */ = {isa = PBXBuildFile; fileRef = CC447E1864D246668012B466 /* /Users/tobiash/Projects/DearUI/Blink2D/extern/googletest/googlemock/src/gmock-all.cc */; };
/* End PBXBuildFile section */

/* Begin PBXBuildStyle section */
		41809B2E18044B40A46C686A /* Release */ = {
			isa = PBXBuildStyle;
			buildSettings = {
				COPY_PHASE_STRIP = NO;
			};
			name = Release;
		};
		63C713BC2DD34AEE872A65BE /* RelWithDebInfo */ = {
			isa = PBXBuildStyle;
			buildSettings = {
				COPY_PHASE_STRIP = NO;
			};
			name = RelWithDebInfo;
		};
		CCD2D9F539C64AA88F79624B /* MinSizeRel */ = {
			isa = PBXBuildStyle;
			buildSettings = {
				COPY_PHASE_STRIP = NO;
			};
			name = MinSizeRel;
		};
		DF5C5FEFBDBA4115BD445CFD /* Debug */ = {
			isa = PBXBuildStyle;
			buildSettings = {
				COPY_PHASE_STRIP = NO;
			};
			name = Debug;
		};
/* End PBXBuildStyle section */

/* Begin PBXContainerItemProxy section */
		0A631B2A5B0D4BF785217A6D /* PBXContainerItemProxy */ = {
			isa = PBXContainerItemProxy;
			containerPortal = E6EE3D8DC27642CE9429D03F /* Project object */;
			proxyType = 1;
			remoteGlobalIDString = 17346BAE6C1E4AE1909EDB7B;
			remoteInfo = ALL_BUILD;
		};
		2A1E0BA78A694D1BA15980F7 /* PBXContainerItemProxy */ = {
			isa = PBXContainerItemProxy;
			containerPortal = E6EE3D8DC27642CE9429D03F /* Project object */;
			proxyType = 1;
			remoteGlobalIDString = 69B891766D134DD48484383C;
			remoteInfo = gmock;
		};
		51C8B8231416472ABED46ECC /* PBXContainerItemProxy */ = {
			isa = PBXContainerItemProxy;
			containerPortal = E6EE3D8DC27642CE9429D03F /* Project object */;
			proxyType = 1;
			remoteGlobalIDString = 668DFFD787644766BABFAD36;
			remoteInfo = ZERO_CHECK;
		};
		56BE871538914297AA7ED0DB /* PBXContainerItemProxy */ = {
			isa = PBXContainerItemProxy;
			containerPortal = E6EE3D8DC27642CE9429D03F /* Project object */;
			proxyType = 1;
			remoteGlobalIDString = 69B891766D134DD48484383C;
			remoteInfo = gmock;
		};
		6C4B08E444F24703A9578E0C /* PBXContainerItemProxy */ = {
			isa = PBXContainerItemProxy;
			containerPortal = E6EE3D8DC27642CE9429D03F /* Project object */;
			proxyType = 1;
			remoteGlobalIDString = BE2EC6E08A914FC4AA5B6D37;
			remoteInfo = gtest;
		};
		8B5FCC1F1ED3456E8599A3B2 /* PBXContainerItemProxy */ = {
			isa = PBXContainerItemProxy;
			containerPortal = E6EE3D8DC27642CE9429D03F /* Project object */;
			proxyType = 1;
			remoteGlobalIDString = 668DFFD787644766BABFAD36;
			remoteInfo = ZERO_CHECK;
		};
		A3D5CFF379F24524B36412CB /* PBXContainerItemProxy */ = {
			isa = PBXContainerItemProxy;
			containerPortal = E6EE3D8DC27642CE9429D03F /* Project object */;
			proxyType = 1;
			remoteGlobalIDString = BE2EC6E08A914FC4AA5B6D37;
			remoteInfo = gtest;
		};
		A6970080DCE7499BB9A46F3D /* PBXContainerItemProxy */ = {
			isa = PBXContainerItemProxy;
			containerPortal = E6EE3D8DC27642CE9429D03F /* Project object */;
			proxyType = 1;
			remoteGlobalIDString = BE2EC6E08A914FC4AA5B6D37;
			remoteInfo = gtest;
		};
		D3EF62498B1E4A6B8623BAB3 /* PBXContainerItemProxy */ = {
			isa = PBXContainerItemProxy;
			containerPortal = E6EE3D8DC27642CE9429D03F /* Project object */;
			proxyType = 1;
			remoteGlobalIDString = BE2EC6E08A914FC4AA5B6D37;
			remoteInfo = gtest;
		};
		D69D0E947956473288324B04 /* PBXContainerItemProxy */ = {
			isa = PBXContainerItemProxy;
			containerPortal = E6EE3D8DC27642CE9429D03F /* Project object */;
			proxyType = 1;
			remoteGlobalIDString = FBA3E49EC9A94948B60CE6CE;
			remoteInfo = gmock_main;
		};
		E3EDB76589B949ECBA54C669 /* PBXContainerItemProxy */ = {
			isa = PBXContainerItemProxy;
			containerPortal = E6EE3D8DC27642CE9429D03F /* Project object */;
			proxyType = 1;
			remoteGlobalIDString = 668DFFD787644766BABFAD36;
			remoteInfo = ZERO_CHECK;
		};
		F829F5049EF74AD29DDB2948 /* PBXContainerItemProxy */ = {
			isa = PBXContainerItemProxy;
			containerPortal = E6EE3D8DC27642CE9429D03F /* Project object */;
			proxyType = 1;
			remoteGlobalIDString = 23FE403B6A18430C86C439FC;
			remoteInfo = gtest_main;
		};
/* End PBXContainerItemProxy section */

/* Begin PBXFileReference section */
		215E477BCF904E2CB24D43D8 /* gmock */ = {isa = PBXFileReference; explicitFileType = archive.ar; path = libgmock.a; sourceTree = BUILT_PRODUCTS_DIR; };
		247BE64468B9434EB031284E /* /Users/tobiash/Projects/DearUI/Blink2D/extern/googletest/googlemock/CMakeLists.txt */ = {isa = PBXFileReference; explicitFileType = sourcecode.text; fileEncoding = 4; name = CMakeLists.txt; path = CMakeLists.txt; sourceTree = SOURCE_ROOT; };
		27542ECBCEBC456C9D172BC2 /* /Users/tobiash/Projects/DearUI/Blink2D/extern/googletest/googlemock/src/gmock_main.cc */ = {isa = PBXFileReference; explicitFileType = sourcecode.cpp.cpp; fileEncoding = 4; name = gmock_main.cc; path = src/gmock_main.cc; sourceTree = SOURCE_ROOT; };
		2C755CF0284C44B89245B70A /* gtest */ = {isa = PBXFileReference; explicitFileType = archive.ar; path = libgtest.a; sourceTree = BUILT_PRODUCTS_DIR; };
		47C22B16B1E348969540D890 /* /Users/tobiash/Projects/DearUI/Blink2D/extern/googletest/googletest/src/gtest_main.cc */ = {isa = PBXFileReference; explicitFileType = sourcecode.cpp.cpp; fileEncoding = 4; name = gtest_main.cc; path = /Users/tobiash/Projects/DearUI/Blink2D/extern/googletest/googletest/src/gtest_main.cc; sourceTree = "<absolute>"; };
		4B4CB97B8EE74ACD862F02B1 /* /Users/tobiash/Projects/DearUI/Blink2D/extern/googletest/googlemock/CMakeLists.txt */ = {isa = PBXFileReference; explicitFileType = sourcecode.text; fileEncoding = 4; name = CMakeLists.txt; path = CMakeLists.txt; sourceTree = SOURCE_ROOT; };
		5B5DD1176B864B199386ADD5 /* gtest_main */ = {isa = PBXFileReference; explicitFileType = archive.ar; path = libgtest_main.a; sourceTree = BUILT_PRODUCTS_DIR; };
		84D76674710B418784635442 /* /Users/tobiash/Projects/DearUI/Blink2D/extern/googletest/googletest/src/gtest-all.cc */ = {isa = PBXFileReference; explicitFileType = sourcecode.cpp.cpp; fileEncoding = 4; name = "gtest-all.cc"; path = "/Users/tobiash/Projects/DearUI/Blink2D/extern/googletest/googletest/src/gtest-all.cc"; sourceTree = "<absolute>"; };
		B7AC98D230FA4E0B826C7AFB /* /Users/tobiash/Projects/DearUI/Blink2D/extern/googletest/googletest/CMakeLists.txt */ = {isa = PBXFileReference; explicitFileType = sourcecode.text; fileEncoding = 4; name = CMakeLists.txt; path = /Users/tobiash/Projects/DearUI/Blink2D/extern/googletest/googletest/CMakeLists.txt; sourceTree = "<absolute>"; };
		C047A314DEFE4267A5E8B1D0 /* gmock_main */ = {isa = PBXFileReference; explicitFileType = archive.ar; path = libgmock_main.a; sourceTree = BUILT_PRODUCTS_DIR; };
		C5D58D77E9254851A49FF65F /* /Users/tobiash/Projects/DearUI/Blink2D/extern/googletest/googlemock/CMakeLists.txt */ = {isa = PBXFileReference; explicitFileType = sourcecode.text; fileEncoding = 4; name = CMakeLists.txt; path = CMakeLists.txt; sourceTree = SOURCE_ROOT; };
		CC447E1864D246668012B466 /* /Users/tobiash/Projects/DearUI/Blink2D/extern/googletest/googlemock/src/gmock-all.cc */ = {isa = PBXFileReference; explicitFileType = sourcecode.cpp.cpp; fileEncoding = 4; name = "gmock-all.cc"; path = "src/gmock-all.cc"; sourceTree = SOURCE_ROOT; };
		CCFEA23E3EE247A7A0B68CD5 /* /Users/tobiash/Projects/DearUI/Blink2D/extern/googletest/googletest/CMakeLists.txt */ = {isa = PBXFileReference; explicitFileType = sourcecode.text; fileEncoding = 4; name = CMakeLists.txt; path = /Users/tobiash/Projects/DearUI/Blink2D/extern/googletest/googletest/CMakeLists.txt; sourceTree = "<absolute>"; };
/* End PBXFileReference section */

/* Begin PBXFrameworksBuildPhase section */
		587F70606A6B4DB6A136BFAD /* Frameworks */ = {
			isa = PBXFrameworksBuildPhase;
			buildActionMask = 2147483647;
			files = (
			);
			runOnlyForDeploymentPostprocessing = 0;
		};
		622E78763B134D6AAED55F0E /* Frameworks */ = {
			isa = PBXFrameworksBuildPhase;
			buildActionMask = 2147483647;
			files = (
			);
			runOnlyForDeploymentPostprocessing = 0;
		};
		7EAC4E318E2F412481D755D2 /* Frameworks */ = {
			isa = PBXFrameworksBuildPhase;
			buildActionMask = 2147483647;
			files = (
			);
			runOnlyForDeploymentPostprocessing = 0;
		};
		A6FED3C2131148BA912D00BD /* Frameworks */ = {
			isa = PBXFrameworksBuildPhase;
			buildActionMask = 2147483647;
			files = (
			);
			runOnlyForDeploymentPostprocessing = 0;
		};
/* End PBXFrameworksBuildPhase section */

/* Begin PBXGroup section */
		086E922C311E4257B9F68EEC /* gtest */ = {
			isa = PBXGroup;
			children = (
				9D6229C8E5BF4075BB4E31F0 /* Source Files */,
				CCFEA23E3EE247A7A0B68CD5 /* /Users/tobiash/Projects/DearUI/Blink2D/extern/googletest/googletest/CMakeLists.txt */,
			);
			name = gtest;
			sourceTree = "<group>";
		};
		10B6C2F15F2A4AF4BC5696F8 /* Products */ = {
			isa = PBXGroup;
			children = (
				215E477BCF904E2CB24D43D8 /* gmock */,
				C047A314DEFE4267A5E8B1D0 /* gmock_main */,
				2C755CF0284C44B89245B70A /* gtest */,
				5B5DD1176B864B199386ADD5 /* gtest_main */,
			);
			name = Products;
			sourceTree = "<group>";
		};
		22F74232DEAB478394317D83 /* Source Files */ = {
			isa = PBXGroup;
			children = (
				27542ECBCEBC456C9D172BC2 /* /Users/tobiash/Projects/DearUI/Blink2D/extern/googletest/googlemock/src/gmock_main.cc */,
			);
			name = "Source Files";
			sourceTree = "<group>";
		};
		23ED91129C03408296551AD6 = {
			isa = PBXGroup;
			children = (
				E781A8867A2940CFA7FAAA33 /* gmock */,
				9F7F1BD2B8924F2090742BC5 /* gmock_main */,
				8E651624F9484437BBD8DCB0 /* ALL_BUILD */,
				086E922C311E4257B9F68EEC /* gtest */,
				264F94D0700342F7A474FCDF /* gtest_main */,
				10B6C2F15F2A4AF4BC5696F8 /* Products */,
				6EAA8AA5E20C4C1ABDA40CB3 /* Frameworks */,
			);
			sourceTree = "<group>";
		};
		264F94D0700342F7A474FCDF /* gtest_main */ = {
			isa = PBXGroup;
			children = (
				373D7E08CDF3461197752413 /* Source Files */,
				B7AC98D230FA4E0B826C7AFB /* /Users/tobiash/Projects/DearUI/Blink2D/extern/googletest/googletest/CMakeLists.txt */,
			);
			name = gtest_main;
			sourceTree = "<group>";
		};
		373D7E08CDF3461197752413 /* Source Files */ = {
			isa = PBXGroup;
			children = (
				47C22B16B1E348969540D890 /* /Users/tobiash/Projects/DearUI/Blink2D/extern/googletest/googletest/src/gtest_main.cc */,
			);
			name = "Source Files";
			sourceTree = "<group>";
		};
		6EAA8AA5E20C4C1ABDA40CB3 /* Frameworks */ = {
			isa = PBXGroup;
			children = (
			);
			name = Frameworks;
			sourceTree = "<group>";
		};
		8E651624F9484437BBD8DCB0 /* ALL_BUILD */ = {
			isa = PBXGroup;
			children = (
				B0528897F179458085AC9945 /* CMake Rules */,
				4B4CB97B8EE74ACD862F02B1 /* /Users/tobiash/Projects/DearUI/Blink2D/extern/googletest/googlemock/CMakeLists.txt */,
			);
			name = ALL_BUILD;
			sourceTree = "<group>";
		};
		9D6229C8E5BF4075BB4E31F0 /* Source Files */ = {
			isa = PBXGroup;
			children = (
				84D76674710B418784635442 /* /Users/tobiash/Projects/DearUI/Blink2D/extern/googletest/googletest/src/gtest-all.cc */,
			);
			name = "Source Files";
			sourceTree = "<group>";
		};
		9F7F1BD2B8924F2090742BC5 /* gmock_main */ = {
			isa = PBXGroup;
			children = (
				22F74232DEAB478394317D83 /* Source Files */,
				247BE64468B9434EB031284E /* /Users/tobiash/Projects/DearUI/Blink2D/extern/googletest/googlemock/CMakeLists.txt */,
			);
			name = gmock_main;
			sourceTree = "<group>";
		};
		B0528897F179458085AC9945 /* CMake Rules */ = {
			isa = PBXGroup;
			children = (
			);
			name = "CMake Rules";
			sourceTree = "<group>";
		};
		E781A8867A2940CFA7FAAA33 /* gmock */ = {
			isa = PBXGroup;
			children = (
				F88A63BC085C448D83694672 /* Source Files */,
				C5D58D77E9254851A49FF65F /* /Users/tobiash/Projects/DearUI/Blink2D/extern/googletest/googlemock/CMakeLists.txt */,
			);
			name = gmock;
			sourceTree = "<group>";
		};
		F88A63BC085C448D83694672 /* Source Files */ = {
			isa = PBXGroup;
			children = (
				CC447E1864D246668012B466 /* /Users/tobiash/Projects/DearUI/Blink2D/extern/googletest/googlemock/src/gmock-all.cc */,
			);
			name = "Source Files";
			sourceTree = "<group>";
		};
/* End PBXGroup section */

/* Begin PBXNativeTarget section */
		23FE403B6A18430C86C439FC /* gtest_main */ = {
			isa = PBXNativeTarget;
			buildConfigurationList = CABCBA4097C24BA390373683 /* Build configuration list for PBXNativeTarget "gtest_main" */;
			buildPhases = (
				03B303DE12EF499B80141EE7 /* Sources */,
				622E78763B134D6AAED55F0E /* Frameworks */,
			);
			buildRules = (
			);
			dependencies = (
				CBBFC1E374C647FC82F14D1E /* PBXTargetDependency */,
			);
			name = gtest_main;
			productName = gtest_main;
			productReference = 5B5DD1176B864B199386ADD5 /* gtest_main */;
			productType = "com.apple.product-type.library.static";
		};
		69B891766D134DD48484383C /* gmock */ = {
			isa = PBXNativeTarget;
			buildConfigurationList = F9C291AE892248EF8578F513 /* Build configuration list for PBXNativeTarget "gmock" */;
			buildPhases = (
				8C20845C8EB94C68B3D7AF65 /* Sources */,
				A6FED3C2131148BA912D00BD /* Frameworks */,
			);
			buildRules = (
			);
			dependencies = (
				824473BE9D3248C997693B89 /* PBXTargetDependency */,
				793E97C2BF3B436983A0D145 /* PBXTargetDependency */,
			);
			name = gmock;
			productName = gmock;
			productReference = 215E477BCF904E2CB24D43D8 /* gmock */;
			productType = "com.apple.product-type.library.static";
		};
		BE2EC6E08A914FC4AA5B6D37 /* gtest */ = {
			isa = PBXNativeTarget;
			buildConfigurationList = 1447A5EC0E6B477BB7CCA91B /* Build configuration list for PBXNativeTarget "gtest" */;
			buildPhases = (
				4E1D3133CAF04818B47789BD /* Sources */,
				587F70606A6B4DB6A136BFAD /* Frameworks */,
			);
			buildRules = (
			);
			dependencies = (
			);
			name = gtest;
			productName = gtest;
			productReference = 2C755CF0284C44B89245B70A /* gtest */;
			productType = "com.apple.product-type.library.static";
		};
		FBA3E49EC9A94948B60CE6CE /* gmock_main */ = {
			isa = PBXNativeTarget;
			buildConfigurationList = BDD0E88541CB44129994A2EC /* Build configuration list for PBXNativeTarget "gmock_main" */;
			buildPhases = (
				E0E5FD04D82D41E1873A8FFA /* Sources */,
				7EAC4E318E2F412481D755D2 /* Frameworks */,
			);
			buildRules = (
			);
			dependencies = (
				BC3565C47F20486AA6FB0BA0 /* PBXTargetDependency */,
				AB849FB5DD12495383DEF384 /* PBXTargetDependency */,
				8026AAE3CD6A44F48BFDF795 /* PBXTargetDependency */,
			);
			name = gmock_main;
			productName = gmock_main;
			productReference = C047A314DEFE4267A5E8B1D0 /* gmock_main */;
			productType = "com.apple.product-type.library.static";
		};
/* End PBXNativeTarget section */

/* Begin PBXProject section */
		E6EE3D8DC27642CE9429D03F /* Project object */ = {
			isa = PBXProject;
			attributes = {
				BuildIndependentTargetsInParallel = YES;
				LastUpgradeCheck = 1430;
			};
			buildConfigurationList = B36CE8A50AB04B55936D2CB2 /* Build configuration list for PBXProject "gmock" */;
			buildSettings = {
			};
			buildStyles = (
				DF5C5FEFBDBA4115BD445CFD /* Debug */,
				41809B2E18044B40A46C686A /* Release */,
				CCD2D9F539C64AA88F79624B /* MinSizeRel */,
				63C713BC2DD34AEE872A65BE /* RelWithDebInfo */,
			);
			compatibilityVersion = "Xcode 3.2";
			hasScannedForEncodings = 0;
			mainGroup = 23ED91129C03408296551AD6;
			projectDirPath = /Users/tobiash/Projects/DearUI/Blink2D/extern/googletest/googlemock;
			projectRoot = "";
			targets = (
				17346BAE6C1E4AE1909EDB7B /* ALL_BUILD */,
				323B1BDBA8974769A6753696 /* RUN_TESTS */,
				668DFFD787644766BABFAD36 /* ZERO_CHECK */,
				69B891766D134DD48484383C /* gmock */,
				FBA3E49EC9A94948B60CE6CE /* gmock_main */,
				BE2EC6E08A914FC4AA5B6D37 /* gtest */,
				23FE403B6A18430C86C439FC /* gtest_main */,
				790F58B9F9494A8B844FC7C9 /* install */,
			);
		};
/* End PBXProject section */

/* Begin PBXShellScriptBuildPhase section */
		003C8D08B0008F35F218E126 /* CMake PostBuild Rules */ = {
			isa = PBXShellScriptBuildPhase;
			alwaysOutOfDate = 1;
			buildActionMask = 2147483647;
			files = (
			);
			name = "CMake PostBuild Rules";
			outputPaths = (
			);
			runOnlyForDeploymentPostprocessing = 0;
			shellPath = /bin/sh;
			shellScript = "set -e
if test \"$CONFIGURATION\" = \"Debug\"; then :
  cd /Users/tobiash/Projects/DearUI/Blink2D/tests/googlemock
  /usr/local/Cellar/cmake/3.27.6/bin/ctest --force-new-ctest-process -C $CONFIGURATION$EFFECTIVE_PLATFORM_NAME
fi
if test \"$CONFIGURATION\" = \"Release\"; then :
  cd /Users/tobiash/Projects/DearUI/Blink2D/tests/googlemock
  /usr/local/Cellar/cmake/3.27.6/bin/ctest --force-new-ctest-process -C $CONFIGURATION$EFFECTIVE_PLATFORM_NAME
fi
if test \"$CONFIGURATION\" = \"MinSizeRel\"; then :
  cd /Users/tobiash/Projects/DearUI/Blink2D/tests/googlemock
  /usr/local/Cellar/cmake/3.27.6/bin/ctest --force-new-ctest-process -C $CONFIGURATION$EFFECTIVE_PLATFORM_NAME
fi
if test \"$CONFIGURATION\" = \"RelWithDebInfo\"; then :
  cd /Users/tobiash/Projects/DearUI/Blink2D/tests/googlemock
  /usr/local/Cellar/cmake/3.27.6/bin/ctest --force-new-ctest-process -C $CONFIGURATION$EFFECTIVE_PLATFORM_NAME
fi
";
			showEnvVarsInLog = 0;
		};
		0905AFA0705A7AAE8D0278F4 /* Generate CMakeFiles/ZERO_CHECK */ = {
			isa = PBXShellScriptBuildPhase;
			alwaysOutOfDate = 1;
			buildActionMask = 2147483647;
			files = (
			);
			inputPaths = (
			);
			name = "Generate CMakeFiles/ZERO_CHECK";
			outputPaths = (
/Users/tobiash/Projects/DearUI/Blink2D/tests/googlemock/CMakeFiles/ZERO_CHECK			);
			runOnlyForDeploymentPostprocessing = 0;
			shellPath = /bin/sh;
			shellScript = "set -e
if test \"$CONFIGURATION\" = \"Debug\"; then :
  cd /Users/tobiash/Projects/DearUI/Blink2D/tests/googlemock
  make -f /Users/tobiash/Projects/DearUI/Blink2D/tests/googlemock/CMakeScripts/ReRunCMake.make
fi
if test \"$CONFIGURATION\" = \"Release\"; then :
  cd /Users/tobiash/Projects/DearUI/Blink2D/tests/googlemock
  make -f /Users/tobiash/Projects/DearUI/Blink2D/tests/googlemock/CMakeScripts/ReRunCMake.make
fi
if test \"$CONFIGURATION\" = \"MinSizeRel\"; then :
  cd /Users/tobiash/Projects/DearUI/Blink2D/tests/googlemock
  make -f /Users/tobiash/Projects/DearUI/Blink2D/tests/googlemock/CMakeScripts/ReRunCMake.make
fi
if test \"$CONFIGURATION\" = \"RelWithDebInfo\"; then :
  cd /Users/tobiash/Projects/DearUI/Blink2D/tests/googlemock
  make -f /Users/tobiash/Projects/DearUI/Blink2D/tests/googlemock/CMakeScripts/ReRunCMake.make
fi
";
			showEnvVarsInLog = 0;
		};
		3C0110FC8322DE7E50886E21 = {
			isa = PBXShellScriptBuildPhase;
			buildActionMask = 2147483647;
			files = (
			);
			inputPaths = (
			);
			outputPaths = (
			);
			runOnlyForDeploymentPostprocessing = 0;
			shellPath = /bin/sh;
			shellScript = "# shell script goes here
exit 0";
			showEnvVarsInLog = 0;
		};
		85876E4EE76C94DDB3C74761 /* Generate CMakeFiles/ALL_BUILD */ = {
			isa = PBXShellScriptBuildPhase;
			alwaysOutOfDate = 1;
			buildActionMask = 2147483647;
			files = (
			);
			inputPaths = (
			);
			name = "Generate CMakeFiles/ALL_BUILD";
			outputPaths = (
/Users/tobiash/Projects/DearUI/Blink2D/tests/googlemock/CMakeFiles/ALL_BUILD			);
			runOnlyForDeploymentPostprocessing = 0;
			shellPath = /bin/sh;
			shellScript = "set -e
if test \"$CONFIGURATION\" = \"Debug\"; then :
  cd /Users/tobiash/Projects/DearUI/Blink2D/tests/googlemock
  echo Build\\ all\\ projects
fi
if test \"$CONFIGURATION\" = \"Release\"; then :
  cd /Users/tobiash/Projects/DearUI/Blink2D/tests/googlemock
  echo Build\\ all\\ projects
fi
if test \"$CONFIGURATION\" = \"MinSizeRel\"; then :
  cd /Users/tobiash/Projects/DearUI/Blink2D/tests/googlemock
  echo Build\\ all\\ projects
fi
if test \"$CONFIGURATION\" = \"RelWithDebInfo\"; then :
  cd /Users/tobiash/Projects/DearUI/Blink2D/tests/googlemock
  echo Build\\ all\\ projects
fi
";
			showEnvVarsInLog = 0;
		};
		87AF4882E018677E2624B544 = {
			isa = PBXShellScriptBuildPhase;
			buildActionMask = 2147483647;
			files = (
			);
			inputPaths = (
			);
			outputPaths = (
			);
			runOnlyForDeploymentPostprocessing = 0;
			shellPath = /bin/sh;
			shellScript = "# shell script goes here
exit 0";
			showEnvVarsInLog = 0;
		};
		910A41151295C5F9742C25BD = {
			isa = PBXShellScriptBuildPhase;
			buildActionMask = 2147483647;
			files = (
			);
			inputPaths = (
			);
			outputPaths = (
			);
			runOnlyForDeploymentPostprocessing = 0;
			shellPath = /bin/sh;
			shellScript = "# shell script goes here
exit 0";
			showEnvVarsInLog = 0;
		};
		93426DA6A4AC2C2AC9CE883C /* CMake PostBuild Rules */ = {
			isa = PBXShellScriptBuildPhase;
			alwaysOutOfDate = 1;
			buildActionMask = 2147483647;
			files = (
			);
			name = "CMake PostBuild Rules";
			outputPaths = (
			);
			runOnlyForDeploymentPostprocessing = 0;
			shellPath = /bin/sh;
			shellScript = "set -e
if test \"$CONFIGURATION\" = \"Debug\"; then :
  cd /Users/tobiash/Projects/DearUI/Blink2D/tests/googlemock
  /usr/local/Cellar/cmake/3.27.6/bin/cmake -DBUILD_TYPE=$CONFIGURATION$EFFECTIVE_PLATFORM_NAME -P cmake_install.cmake
fi
if test \"$CONFIGURATION\" = \"Release\"; then :
  cd /Users/tobiash/Projects/DearUI/Blink2D/tests/googlemock
  /usr/local/Cellar/cmake/3.27.6/bin/cmake -DBUILD_TYPE=$CONFIGURATION$EFFECTIVE_PLATFORM_NAME -P cmake_install.cmake
fi
if test \"$CONFIGURATION\" = \"MinSizeRel\"; then :
  cd /Users/tobiash/Projects/DearUI/Blink2D/tests/googlemock
  /usr/local/Cellar/cmake/3.27.6/bin/cmake -DBUILD_TYPE=$CONFIGURATION$EFFECTIVE_PLATFORM_NAME -P cmake_install.cmake
fi
if test \"$CONFIGURATION\" = \"RelWithDebInfo\"; then :
  cd /Users/tobiash/Projects/DearUI/Blink2D/tests/googlemock
  /usr/local/Cellar/cmake/3.27.6/bin/cmake -DBUILD_TYPE=$CONFIGURATION$EFFECTIVE_PLATFORM_NAME -P cmake_install.cmake
fi
";
			showEnvVarsInLog = 0;
		};
		9B50530E35CC49C82C2FACCF = {
			isa = PBXShellScriptBuildPhase;
			buildActionMask = 2147483647;
			files = (
			);
			inputPaths = (
			);
			outputPaths = (
			);
			runOnlyForDeploymentPostprocessing = 0;
			shellPath = /bin/sh;
			shellScript = "# shell script goes here
exit 0";
			showEnvVarsInLog = 0;
		};
/* End PBXShellScriptBuildPhase section */

/* Begin PBXSourcesBuildPhase section */
		03B303DE12EF499B80141EE7 /* Sources */ = {
			isa = PBXSourcesBuildPhase;
			buildActionMask = 2147483647;
			files = (
				3BDA9B592608496C81EA8DDA /* /Users/tobiash/Projects/DearUI/Blink2D/extern/googletest/googletest/src/gtest_main.cc */,
			);
			runOnlyForDeploymentPostprocessing = 0;
		};
		4E1D3133CAF04818B47789BD /* Sources */ = {
			isa = PBXSourcesBuildPhase;
			buildActionMask = 2147483647;
			files = (
				9F7D053EC19E43F2B8DE39C5 /* /Users/tobiash/Projects/DearUI/Blink2D/extern/googletest/googletest/src/gtest-all.cc */,
			);
			runOnlyForDeploymentPostprocessing = 0;
		};
		8C20845C8EB94C68B3D7AF65 /* Sources */ = {
			isa = PBXSourcesBuildPhase;
			buildActionMask = 2147483647;
			files = (
				FCD171B2196342628F0BDFAA /* /Users/tobiash/Projects/DearUI/Blink2D/extern/googletest/googlemock/src/gmock-all.cc */,
			);
			runOnlyForDeploymentPostprocessing = 0;
		};
		E0E5FD04D82D41E1873A8FFA /* Sources */ = {
			isa = PBXSourcesBuildPhase;
			buildActionMask = 2147483647;
			files = (
				AB6F81F633424525B54F2A96 /* /Users/tobiash/Projects/DearUI/Blink2D/extern/googletest/googlemock/src/gmock_main.cc */,
			);
			runOnlyForDeploymentPostprocessing = 0;
		};
/* End PBXSourcesBuildPhase section */

/* Begin PBXTargetDependency section */
		0400A307B41B4059B2F164B8 /* PBXTargetDependency */ = {
			isa = PBXTargetDependency;
			target = 69B891766D134DD48484383C /* gmock */;
			targetProxy = 56BE871538914297AA7ED0DB /* PBXContainerItemProxy */;
		};
		102A2C6356AB491EA1C58A07 /* PBXTargetDependency */ = {
			isa = PBXTargetDependency;
			target = 17346BAE6C1E4AE1909EDB7B /* ALL_BUILD */;
			targetProxy = 0A631B2A5B0D4BF785217A6D /* PBXContainerItemProxy */;
		};
		16DCB31F28AA4A7BB49952EA /* PBXTargetDependency */ = {
			isa = PBXTargetDependency;
			target = 23FE403B6A18430C86C439FC /* gtest_main */;
			targetProxy = F829F5049EF74AD29DDB2948 /* PBXContainerItemProxy */;
		};
		271DE366D4104575B4497F3A /* PBXTargetDependency */ = {
			isa = PBXTargetDependency;
			target = BE2EC6E08A914FC4AA5B6D37 /* gtest */;
			targetProxy = A6970080DCE7499BB9A46F3D /* PBXContainerItemProxy */;
		};
		638005F37C4B46F8B952B564 /* PBXTargetDependency */ = {
			isa = PBXTargetDependency;
			target = FBA3E49EC9A94948B60CE6CE /* gmock_main */;
			targetProxy = D69D0E947956473288324B04 /* PBXContainerItemProxy */;
		};
		68DA9C3D4BFF4540A60453AD /* PBXTargetDependency */ = {
			isa = PBXTargetDependency;
			target = 668DFFD787644766BABFAD36 /* ZERO_CHECK */;
			targetProxy = E3EDB76589B949ECBA54C669 /* PBXContainerItemProxy */;
		};
		793E97C2BF3B436983A0D145 /* PBXTargetDependency */ = {
			isa = PBXTargetDependency;
			target = BE2EC6E08A914FC4AA5B6D37 /* gtest */;
			targetProxy = A3D5CFF379F24524B36412CB /* PBXContainerItemProxy */;
		};
		8026AAE3CD6A44F48BFDF795 /* PBXTargetDependency */ = {
			isa = PBXTargetDependency;
			target = BE2EC6E08A914FC4AA5B6D37 /* gtest */;
			targetProxy = D3EF62498B1E4A6B8623BAB3 /* PBXContainerItemProxy */;
		};
		824473BE9D3248C997693B89 /* PBXTargetDependency */ = {
			isa = PBXTargetDependency;
			target = 668DFFD787644766BABFAD36 /* ZERO_CHECK */;
			targetProxy = 51C8B8231416472ABED46ECC /* PBXContainerItemProxy */;
		};
		AB849FB5DD12495383DEF384 /* PBXTargetDependency */ = {
			isa = PBXTargetDependency;
			target = 69B891766D134DD48484383C /* gmock */;
			targetProxy = 2A1E0BA78A694D1BA15980F7 /* PBXContainerItemProxy */;
		};
		BC3565C47F20486AA6FB0BA0 /* PBXTargetDependency */ = {
			isa = PBXTargetDependency;
			target = 668DFFD787644766BABFAD36 /* ZERO_CHECK */;
			targetProxy = 8B5FCC1F1ED3456E8599A3B2 /* PBXContainerItemProxy */;
		};
		CBBFC1E374C647FC82F14D1E /* PBXTargetDependency */ = {
			isa = PBXTargetDependency;
			target = BE2EC6E08A914FC4AA5B6D37 /* gtest */;
			targetProxy = 6C4B08E444F24703A9578E0C /* PBXContainerItemProxy */;
		};
/* End PBXTargetDependency section */

/* Begin XCBuildConfiguration section */
		02761D0379384BB4B21E6152 /* Release */ = {
			isa = XCBuildConfiguration;
			buildSettings = {
				ALWAYS_SEARCH_USER_PATHS = NO;
				COMBINE_HIDPI_IMAGES = YES;
				CONFIGURATION_BUILD_DIR = /Users/tobiash/Projects/DearUI/Blink2D/xcodeproject/lib/Release;
				EXECUTABLE_PREFIX = lib;
				EXECUTABLE_SUFFIX = .a;
				GCC_GENERATE_DEBUGGING_SYMBOLS = NO;
				GCC_INLINES_ARE_PRIVATE_EXTERN = NO;
				GCC_OPTIMIZATION_LEVEL = 3;
				GCC_PREPROCESSOR_DEFINITIONS = ("'CMAKE_INTDIR=\"$(CONFIGURATION)$(EFFECTIVE_PLATFORM_NAME)\"'","$(inherited)");
				GCC_SYMBOLS_PRIVATE_EXTERN = NO;
				HEADER_SEARCH_PATHS = (/usr/local/include,"$(inherited)");
				INSTALL_PATH = "";
				LIBRARY_STYLE = STATIC;
				OTHER_CPLUSPLUSFLAGS = "    -DNDEBUG '-std=c++20'  -DGTEST_HAS_PTHREAD=1   ";
				OTHER_LIBTOOLFLAGS = ("");
				OTHER_REZFLAGS = "";
				PRODUCT_NAME = gmock_main;
				SECTORDER_FLAGS = "";
				SYSTEM_HEADER_SEARCH_PATHS = (/Users/tobiash/Projects/DearUI/Blink2D/extern/googletest/googlemock/include,/Users/tobiash/Projects/DearUI/Blink2D/extern/googletest/googlemock,/Users/tobiash/Projects/DearUI/Blink2D/extern/googletest/googletest/include,/Users/tobiash/Projects/DearUI/Blink2D/extern/googletest/googletest,"$(inherited)");
				TARGET_TEMP_DIR = "/Users/tobiash/Projects/DearUI/Blink2D/xcodeproject/build/gmock_main.build/$(CONFIGURATION)$(EFFECTIVE_PLATFORM_NAME)";
				USE_HEADERMAP = NO;
				WARNING_CFLAGS = ("$(inherited)");
			};
			name = Release;
		};
		0615A546562447318D0BE26E /* Debug */ = {
			isa = XCBuildConfiguration;
			buildSettings = {
				ALWAYS_SEARCH_USER_PATHS = NO;
				COMBINE_HIDPI_IMAGES = YES;
				GCC_GENERATE_DEBUGGING_SYMBOLS = YES;
				GCC_INLINES_ARE_PRIVATE_EXTERN = NO;
				GCC_OPTIMIZATION_LEVEL = 0;
				GCC_PREPROCESSOR_DEFINITIONS = ("'CMAKE_INTDIR=\"$(CONFIGURATION)$(EFFECTIVE_PLATFORM_NAME)\"'","$(inherited)");
				GCC_SYMBOLS_PRIVATE_EXTERN = NO;
				INSTALL_PATH = "";
				OTHER_LDFLAGS = ("","$(inherited)");
				OTHER_REZFLAGS = "";
				PRODUCT_NAME = install;
				SECTORDER_FLAGS = "";
				USE_HEADERMAP = NO;
				WARNING_CFLAGS = ("$(inherited)");
			};
			name = Debug;
		};
		09C96E936C66425889027868 /* MinSizeRel */ = {
			isa = XCBuildConfiguration;
			buildSettings = {
				ALWAYS_SEARCH_USER_PATHS = NO;
				COMBINE_HIDPI_IMAGES = YES;
				GCC_GENERATE_DEBUGGING_SYMBOLS = YES;
				GCC_INLINES_ARE_PRIVATE_EXTERN = NO;
				GCC_OPTIMIZATION_LEVEL = 0;
				GCC_PREPROCESSOR_DEFINITIONS = ("'CMAKE_INTDIR=\"$(CONFIGURATION)$(EFFECTIVE_PLATFORM_NAME)\"'","$(inherited)");
				GCC_SYMBOLS_PRIVATE_EXTERN = NO;
				INSTALL_PATH = "";
				OTHER_LDFLAGS = ("","$(inherited)");
				OTHER_REZFLAGS = "";
				PRODUCT_NAME = install;
				SECTORDER_FLAGS = "";
				USE_HEADERMAP = NO;
				WARNING_CFLAGS = ("$(inherited)");
			};
			name = MinSizeRel;
		};
		0FB1E97C33F64AA5AC4FBB62 /* Debug */ = {
			isa = XCBuildConfiguration;
			buildSettings = {
				ALWAYS_SEARCH_USER_PATHS = NO;
				COMBINE_HIDPI_IMAGES = YES;
				CONFIGURATION_BUILD_DIR = /Users/tobiash/Projects/DearUI/Blink2D/xcodeproject/lib/Debug;
				EXECUTABLE_PREFIX = lib;
				EXECUTABLE_SUFFIX = .a;
				GCC_GENERATE_DEBUGGING_SYMBOLS = YES;
				GCC_INLINES_ARE_PRIVATE_EXTERN = NO;
				GCC_OPTIMIZATION_LEVEL = 0;
				GCC_PREPROCESSOR_DEFINITIONS = ("'CMAKE_INTDIR=\"$(CONFIGURATION)$(EFFECTIVE_PLATFORM_NAME)\"'","$(inherited)");
				GCC_SYMBOLS_PRIVATE_EXTERN = NO;
				HEADER_SEARCH_PATHS = (/usr/local/include,/Users/tobiash/Projects/DearUI/Blink2D/extern/googletest/googletest/include,/Users/tobiash/Projects/DearUI/Blink2D/extern/googletest/googletest,"$(inherited)");
				INSTALL_PATH = "";
				LIBRARY_STYLE = STATIC;
				OTHER_CPLUSPLUSFLAGS = "   '-std=c++20'  -DGTEST_HAS_PTHREAD=1   ";
				OTHER_LIBTOOLFLAGS = ("");
				OTHER_REZFLAGS = "";
				PRODUCT_NAME = gtest;
				SECTORDER_FLAGS = "";
				TARGET_TEMP_DIR = "/Users/tobiash/Projects/DearUI/Blink2D/xcodeproject/build/gtest.build/$(CONFIGURATION)$(EFFECTIVE_PLATFORM_NAME)";
				USE_HEADERMAP = NO;
				WARNING_CFLAGS = ("$(inherited)");
			};
			name = Debug;
		};
		15252EC6E9BA406484FC7C67 /* RelWithDebInfo */ = {
			isa = XCBuildConfiguration;
			buildSettings = {
				ALWAYS_SEARCH_USER_PATHS = NO;
				COMBINE_HIDPI_IMAGES = YES;
				CONFIGURATION_BUILD_DIR = /Users/tobiash/Projects/DearUI/Blink2D/xcodeproject/lib/RelWithDebInfo;
				EXECUTABLE_PREFIX = lib;
				EXECUTABLE_SUFFIX = .a;
				GCC_GENERATE_DEBUGGING_SYMBOLS = YES;
				GCC_INLINES_ARE_PRIVATE_EXTERN = NO;
				GCC_OPTIMIZATION_LEVEL = 2;
				GCC_PREPROCESSOR_DEFINITIONS = ("'CMAKE_INTDIR=\"$(CONFIGURATION)$(EFFECTIVE_PLATFORM_NAME)\"'","$(inherited)");
				GCC_SYMBOLS_PRIVATE_EXTERN = NO;
				HEADER_SEARCH_PATHS = (/usr/local/include,/Users/tobiash/Projects/DearUI/Blink2D/extern/googletest/googletest/include,/Users/tobiash/Projects/DearUI/Blink2D/extern/googletest/googletest,"$(inherited)");
				INSTALL_PATH = "";
				LIBRARY_STYLE = STATIC;
				OTHER_CPLUSPLUSFLAGS = "       -DNDEBUG '-std=c++20'  -DGTEST_HAS_PTHREAD=1   ";
				OTHER_LIBTOOLFLAGS = ("");
				OTHER_REZFLAGS = "";
				PRODUCT_NAME = gtest;
				SECTORDER_FLAGS = "";
				TARGET_TEMP_DIR = "/Users/tobiash/Projects/DearUI/Blink2D/xcodeproject/build/gtest.build/$(CONFIGURATION)$(EFFECTIVE_PLATFORM_NAME)";
				USE_HEADERMAP = NO;
				WARNING_CFLAGS = ("$(inherited)");
			};
			name = RelWithDebInfo;
		};
		1FC48A5D1765490284DA50A6 /* RelWithDebInfo */ = {
			isa = XCBuildConfiguration;
			buildSettings = {
				ALWAYS_SEARCH_USER_PATHS = NO;
				COMBINE_HIDPI_IMAGES = YES;
				CONFIGURATION_BUILD_DIR = /Users/tobiash/Projects/DearUI/Blink2D/xcodeproject/lib/RelWithDebInfo;
				EXECUTABLE_PREFIX = lib;
				EXECUTABLE_SUFFIX = .a;
				GCC_GENERATE_DEBUGGING_SYMBOLS = YES;
				GCC_INLINES_ARE_PRIVATE_EXTERN = NO;
				GCC_OPTIMIZATION_LEVEL = 2;
				GCC_PREPROCESSOR_DEFINITIONS = ("'CMAKE_INTDIR=\"$(CONFIGURATION)$(EFFECTIVE_PLATFORM_NAME)\"'","$(inherited)");
				GCC_SYMBOLS_PRIVATE_EXTERN = NO;
				HEADER_SEARCH_PATHS = (/usr/local/include,"$(inherited)");
				INSTALL_PATH = "";
				LIBRARY_STYLE = STATIC;
				OTHER_CPLUSPLUSFLAGS = "       -DNDEBUG '-std=c++20'  -DGTEST_HAS_PTHREAD=1   ";
				OTHER_LIBTOOLFLAGS = ("");
				OTHER_REZFLAGS = "";
				PRODUCT_NAME = gmock_main;
				SECTORDER_FLAGS = "";
				SYSTEM_HEADER_SEARCH_PATHS = (/Users/tobiash/Projects/DearUI/Blink2D/extern/googletest/googlemock/include,/Users/tobiash/Projects/DearUI/Blink2D/extern/googletest/googlemock,/Users/tobiash/Projects/DearUI/Blink2D/extern/googletest/googletest/include,/Users/tobiash/Projects/DearUI/Blink2D/extern/googletest/googletest,"$(inherited)");
				TARGET_TEMP_DIR = "/Users/tobiash/Projects/DearUI/Blink2D/xcodeproject/build/gmock_main.build/$(CONFIGURATION)$(EFFECTIVE_PLATFORM_NAME)";
				USE_HEADERMAP = NO;
				WARNING_CFLAGS = ("$(inherited)");
			};
			name = RelWithDebInfo;
		};
		2815B471BB2B4FA0B4A8026D /* Debug */ = {
			isa = XCBuildConfiguration;
			buildSettings = {
				ALWAYS_SEARCH_USER_PATHS = NO;
				COMBINE_HIDPI_IMAGES = YES;
				GCC_GENERATE_DEBUGGING_SYMBOLS = YES;
				GCC_INLINES_ARE_PRIVATE_EXTERN = NO;
				GCC_OPTIMIZATION_LEVEL = 0;
				GCC_PREPROCESSOR_DEFINITIONS = ("'CMAKE_INTDIR=\"$(CONFIGURATION)$(EFFECTIVE_PLATFORM_NAME)\"'","$(inherited)");
				GCC_SYMBOLS_PRIVATE_EXTERN = NO;
				INSTALL_PATH = "";
				OTHER_LDFLAGS = ("","$(inherited)");
				OTHER_REZFLAGS = "";
				PRODUCT_NAME = ZERO_CHECK;
				SECTORDER_FLAGS = "";
				USE_HEADERMAP = NO;
				WARNING_CFLAGS = ("$(inherited)");
			};
			name = Debug;
		};
		2C4ADEF6989A4C548A07651C /* Debug */ = {
			isa = XCBuildConfiguration;
			buildSettings = {
				ALWAYS_SEARCH_USER_PATHS = NO;
				COMBINE_HIDPI_IMAGES = YES;
				CONFIGURATION_BUILD_DIR = /Users/tobiash/Projects/DearUI/Blink2D/xcodeproject/lib/Debug;
				EXECUTABLE_PREFIX = lib;
				EXECUTABLE_SUFFIX = .a;
				GCC_GENERATE_DEBUGGING_SYMBOLS = YES;
				GCC_INLINES_ARE_PRIVATE_EXTERN = NO;
				GCC_OPTIMIZATION_LEVEL = 0;
				GCC_PREPROCESSOR_DEFINITIONS = ("'CMAKE_INTDIR=\"$(CONFIGURATION)$(EFFECTIVE_PLATFORM_NAME)\"'","$(inherited)");
				GCC_SYMBOLS_PRIVATE_EXTERN = NO;
				HEADER_SEARCH_PATHS = (/usr/local/include,"$(inherited)");
				INSTALL_PATH = "";
				LIBRARY_STYLE = STATIC;
				OTHER_CPLUSPLUSFLAGS = "   '-std=c++20'  -DGTEST_HAS_PTHREAD=1   ";
				OTHER_LIBTOOLFLAGS = ("");
				OTHER_REZFLAGS = "";
				PRODUCT_NAME = gtest_main;
				SECTORDER_FLAGS = "";
				SYSTEM_HEADER_SEARCH_PATHS = (/Users/tobiash/Projects/DearUI/Blink2D/extern/googletest/googletest/include,/Users/tobiash/Projects/DearUI/Blink2D/extern/googletest/googletest,"$(inherited)");
				TARGET_TEMP_DIR = "/Users/tobiash/Projects/DearUI/Blink2D/xcodeproject/build/gtest_main.build/$(CONFIGURATION)$(EFFECTIVE_PLATFORM_NAME)";
				USE_HEADERMAP = NO;
				WARNING_CFLAGS = ("$(inherited)");
			};
			name = Debug;
		};
		2C567277A09A41C69798BE40 /* Debug */ = {
			isa = XCBuildConfiguration;
			buildSettings = {
				ALWAYS_SEARCH_USER_PATHS = NO;
				COMBINE_HIDPI_IMAGES = YES;
				CONFIGURATION_BUILD_DIR = /Users/tobiash/Projects/DearUI/Blink2D/xcodeproject/lib/Debug;
				EXECUTABLE_PREFIX = lib;
				EXECUTABLE_SUFFIX = .a;
				GCC_GENERATE_DEBUGGING_SYMBOLS = YES;
				GCC_INLINES_ARE_PRIVATE_EXTERN = NO;
				GCC_OPTIMIZATION_LEVEL = 0;
				GCC_PREPROCESSOR_DEFINITIONS = ("'CMAKE_INTDIR=\"$(CONFIGURATION)$(EFFECTIVE_PLATFORM_NAME)\"'","$(inherited)");
				GCC_SYMBOLS_PRIVATE_EXTERN = NO;
				HEADER_SEARCH_PATHS = (/usr/local/include,"$(inherited)");
				INSTALL_PATH = "";
				LIBRARY_STYLE = STATIC;
				OTHER_CPLUSPLUSFLAGS = "   '-std=c++20'  -DGTEST_HAS_PTHREAD=1   ";
				OTHER_LIBTOOLFLAGS = ("");
				OTHER_REZFLAGS = "";
				PRODUCT_NAME = gmock_main;
				SECTORDER_FLAGS = "";
				SYSTEM_HEADER_SEARCH_PATHS = (/Users/tobiash/Projects/DearUI/Blink2D/extern/googletest/googlemock/include,/Users/tobiash/Projects/DearUI/Blink2D/extern/googletest/googlemock,/Users/tobiash/Projects/DearUI/Blink2D/extern/googletest/googletest/include,/Users/tobiash/Projects/DearUI/Blink2D/extern/googletest/googletest,"$(inherited)");
				TARGET_TEMP_DIR = "/Users/tobiash/Projects/DearUI/Blink2D/xcodeproject/build/gmock_main.build/$(CONFIGURATION)$(EFFECTIVE_PLATFORM_NAME)";
				USE_HEADERMAP = NO;
				WARNING_CFLAGS = ("$(inherited)");
			};
			name = Debug;
		};
		3303A081CCEF41EFB1D29DC7 /* Debug */ = {
			isa = XCBuildConfiguration;
			buildSettings = {
				ALWAYS_SEARCH_USER_PATHS = NO;
				COMBINE_HIDPI_IMAGES = YES;
				GCC_GENERATE_DEBUGGING_SYMBOLS = YES;
				GCC_INLINES_ARE_PRIVATE_EXTERN = NO;
				GCC_OPTIMIZATION_LEVEL = 0;
				GCC_PREPROCESSOR_DEFINITIONS = ("'CMAKE_INTDIR=\"$(CONFIGURATION)$(EFFECTIVE_PLATFORM_NAME)\"'","$(inherited)");
				GCC_SYMBOLS_PRIVATE_EXTERN = NO;
				INSTALL_PATH = "";
				OTHER_LDFLAGS = ("","$(inherited)");
				OTHER_REZFLAGS = "";
				PRODUCT_NAME = RUN_TESTS;
				SECTORDER_FLAGS = "";
				USE_HEADERMAP = NO;
				WARNING_CFLAGS = ("$(inherited)");
			};
			name = Debug;
		};
		4542F25939B4430983BF0766 /* MinSizeRel */ = {
			isa = XCBuildConfiguration;
			buildSettings = {
				ALWAYS_SEARCH_USER_PATHS = NO;
				COMBINE_HIDPI_IMAGES = YES;
				GCC_GENERATE_DEBUGGING_SYMBOLS = YES;
				GCC_INLINES_ARE_PRIVATE_EXTERN = NO;
				GCC_OPTIMIZATION_LEVEL = 0;
				GCC_PREPROCESSOR_DEFINITIONS = ("'CMAKE_INTDIR=\"$(CONFIGURATION)$(EFFECTIVE_PLATFORM_NAME)\"'","$(inherited)");
				GCC_SYMBOLS_PRIVATE_EXTERN = NO;
				INSTALL_PATH = "";
				OTHER_LDFLAGS = ("","$(inherited)");
				OTHER_REZFLAGS = "";
				PRODUCT_NAME = ZERO_CHECK;
				SECTORDER_FLAGS = "";
				USE_HEADERMAP = NO;
				WARNING_CFLAGS = ("$(inherited)");
			};
			name = MinSizeRel;
		};
		580DB9133B2B4F9ABEFCF3AC /* RelWithDebInfo */ = {
			isa = XCBuildConfiguration;
			buildSettings = {
				ALWAYS_SEARCH_USER_PATHS = NO;
				COMBINE_HIDPI_IMAGES = YES;
				GCC_GENERATE_DEBUGGING_SYMBOLS = YES;
				GCC_INLINES_ARE_PRIVATE_EXTERN = NO;
				GCC_OPTIMIZATION_LEVEL = 0;
				GCC_PREPROCESSOR_DEFINITIONS = ("'CMAKE_INTDIR=\"$(CONFIGURATION)$(EFFECTIVE_PLATFORM_NAME)\"'","$(inherited)");
				GCC_SYMBOLS_PRIVATE_EXTERN = NO;
				INSTALL_PATH = "";
				OTHER_LDFLAGS = ("","$(inherited)");
				OTHER_REZFLAGS = "";
				PRODUCT_NAME = RUN_TESTS;
				SECTORDER_FLAGS = "";
				USE_HEADERMAP = NO;
				WARNING_CFLAGS = ("$(inherited)");
			};
			name = RelWithDebInfo;
		};
		59CC7E588E374F2F8040F3A8 /* RelWithDebInfo */ = {
			isa = XCBuildConfiguration;
			buildSettings = {
				ALWAYS_SEARCH_USER_PATHS = NO;
				COMBINE_HIDPI_IMAGES = YES;
				CONFIGURATION_BUILD_DIR = /Users/tobiash/Projects/DearUI/Blink2D/xcodeproject/lib/RelWithDebInfo;
				EXECUTABLE_PREFIX = lib;
				EXECUTABLE_SUFFIX = .a;
				GCC_GENERATE_DEBUGGING_SYMBOLS = YES;
				GCC_INLINES_ARE_PRIVATE_EXTERN = NO;
				GCC_OPTIMIZATION_LEVEL = 2;
				GCC_PREPROCESSOR_DEFINITIONS = ("'CMAKE_INTDIR=\"$(CONFIGURATION)$(EFFECTIVE_PLATFORM_NAME)\"'","$(inherited)");
				GCC_SYMBOLS_PRIVATE_EXTERN = NO;
				HEADER_SEARCH_PATHS = (/usr/local/include,/Users/tobiash/Projects/DearUI/Blink2D/extern/googletest/googlemock/include,/Users/tobiash/Projects/DearUI/Blink2D/extern/googletest/googlemock,"$(inherited)");
				INSTALL_PATH = "";
				LIBRARY_STYLE = STATIC;
				OTHER_CPLUSPLUSFLAGS = "       -DNDEBUG '-std=c++20'  -DGTEST_HAS_PTHREAD=1   ";
				OTHER_LIBTOOLFLAGS = ("");
				OTHER_REZFLAGS = "";
				PRODUCT_NAME = gmock;
				SECTORDER_FLAGS = "";
				SYSTEM_HEADER_SEARCH_PATHS = (/Users/tobiash/Projects/DearUI/Blink2D/extern/googletest/googletest/include,/Users/tobiash/Projects/DearUI/Blink2D/extern/googletest/googletest,"$(inherited)");
				TARGET_TEMP_DIR = "/Users/tobiash/Projects/DearUI/Blink2D/xcodeproject/build/gmock.build/$(CONFIGURATION)$(EFFECTIVE_PLATFORM_NAME)";
				USE_HEADERMAP = NO;
				WARNING_CFLAGS = ("$(inherited)");
			};
			name = RelWithDebInfo;
		};
		648323ADAE504366837994AC /* MinSizeRel */ = {
			isa = XCBuildConfiguration;
			buildSettings = {
				ALWAYS_SEARCH_USER_PATHS = NO;
				COMBINE_HIDPI_IMAGES = YES;
				CONFIGURATION_BUILD_DIR = /Users/tobiash/Projects/DearUI/Blink2D/xcodeproject/lib/MinSizeRel;
				EXECUTABLE_PREFIX = lib;
				EXECUTABLE_SUFFIX = .a;
				GCC_GENERATE_DEBUGGING_SYMBOLS = NO;
				GCC_INLINES_ARE_PRIVATE_EXTERN = NO;
				GCC_OPTIMIZATION_LEVEL = s;
				GCC_PREPROCESSOR_DEFINITIONS = ("'CMAKE_INTDIR=\"$(CONFIGURATION)$(EFFECTIVE_PLATFORM_NAME)\"'","$(inherited)");
				GCC_SYMBOLS_PRIVATE_EXTERN = NO;
				HEADER_SEARCH_PATHS = (/usr/local/include,"$(inherited)");
				INSTALL_PATH = "";
				LIBRARY_STYLE = STATIC;
				OTHER_CPLUSPLUSFLAGS = "    -DNDEBUG '-std=c++20'  -DGTEST_HAS_PTHREAD=1   ";
				OTHER_LIBTOOLFLAGS = ("");
				OTHER_REZFLAGS = "";
				PRODUCT_NAME = gmock_main;
				SECTORDER_FLAGS = "";
				SYSTEM_HEADER_SEARCH_PATHS = (/Users/tobiash/Projects/DearUI/Blink2D/extern/googletest/googlemock/include,/Users/tobiash/Projects/DearUI/Blink2D/extern/googletest/googlemock,/Users/tobiash/Projects/DearUI/Blink2D/extern/googletest/googletest/include,/Users/tobiash/Projects/DearUI/Blink2D/extern/googletest/googletest,"$(inherited)");
				TARGET_TEMP_DIR = "/Users/tobiash/Projects/DearUI/Blink2D/xcodeproject/build/gmock_main.build/$(CONFIGURATION)$(EFFECTIVE_PLATFORM_NAME)";
				USE_HEADERMAP = NO;
				WARNING_CFLAGS = ("$(inherited)");
			};
			name = MinSizeRel;
		};
		765D8C06F5844C54BCA7C098 /* MinSizeRel */ = {
			isa = XCBuildConfiguration;
			buildSettings = {
				ALWAYS_SEARCH_USER_PATHS = NO;
				COMBINE_HIDPI_IMAGES = YES;
				GCC_GENERATE_DEBUGGING_SYMBOLS = YES;
				GCC_INLINES_ARE_PRIVATE_EXTERN = NO;
				GCC_OPTIMIZATION_LEVEL = 0;
				GCC_PREPROCESSOR_DEFINITIONS = ("'CMAKE_INTDIR=\"$(CONFIGURATION)$(EFFECTIVE_PLATFORM_NAME)\"'","$(inherited)");
				GCC_SYMBOLS_PRIVATE_EXTERN = NO;
				INSTALL_PATH = "";
				OTHER_LDFLAGS = ("","$(inherited)");
				OTHER_REZFLAGS = "";
				PRODUCT_NAME = ALL_BUILD;
				SECTORDER_FLAGS = "";
				USE_HEADERMAP = NO;
				WARNING_CFLAGS = ("$(inherited)");
			};
			name = MinSizeRel;
		};
		7C93A26753134282AA8DD796 /* Debug */ = {
			isa = XCBuildConfiguration;
			buildSettings = {
				ALWAYS_SEARCH_USER_PATHS = NO;
				COMBINE_HIDPI_IMAGES = YES;
				CONFIGURATION_BUILD_DIR = /Users/tobiash/Projects/DearUI/Blink2D/xcodeproject/lib/Debug;
				EXECUTABLE_PREFIX = lib;
				EXECUTABLE_SUFFIX = .a;
				GCC_GENERATE_DEBUGGING_SYMBOLS = YES;
				GCC_INLINES_ARE_PRIVATE_EXTERN = NO;
				GCC_OPTIMIZATION_LEVEL = 0;
				GCC_PREPROCESSOR_DEFINITIONS = ("'CMAKE_INTDIR=\"$(CONFIGURATION)$(EFFECTIVE_PLATFORM_NAME)\"'","$(inherited)");
				GCC_SYMBOLS_PRIVATE_EXTERN = NO;
				HEADER_SEARCH_PATHS = (/usr/local/include,/Users/tobiash/Projects/DearUI/Blink2D/extern/googletest/googlemock/include,/Users/tobiash/Projects/DearUI/Blink2D/extern/googletest/googlemock,"$(inherited)");
				INSTALL_PATH = "";
				LIBRARY_STYLE = STATIC;
				OTHER_CPLUSPLUSFLAGS = "   '-std=c++20'  -DGTEST_HAS_PTHREAD=1   ";
				OTHER_LIBTOOLFLAGS = ("");
				OTHER_REZFLAGS = "";
				PRODUCT_NAME = gmock;
				SECTORDER_FLAGS = "";
				SYSTEM_HEADER_SEARCH_PATHS = (/Users/tobiash/Projects/DearUI/Blink2D/extern/googletest/googletest/include,/Users/tobiash/Projects/DearUI/Blink2D/extern/googletest/googletest,"$(inherited)");
				TARGET_TEMP_DIR = "/Users/tobiash/Projects/DearUI/Blink2D/xcodeproject/build/gmock.build/$(CONFIGURATION)$(EFFECTIVE_PLATFORM_NAME)";
				USE_HEADERMAP = NO;
				WARNING_CFLAGS = ("$(inherited)");
			};
			name = Debug;
		};
		823DAE32498D4274A6FDDE14 /* MinSizeRel */ = {
			isa = XCBuildConfiguration;
			buildSettings = {
				ALWAYS_SEARCH_USER_PATHS = NO;
				COMBINE_HIDPI_IMAGES = YES;
				CONFIGURATION_BUILD_DIR = /Users/tobiash/Projects/DearUI/Blink2D/xcodeproject/lib/MinSizeRel;
				EXECUTABLE_PREFIX = lib;
				EXECUTABLE_SUFFIX = .a;
				GCC_GENERATE_DEBUGGING_SYMBOLS = NO;
				GCC_INLINES_ARE_PRIVATE_EXTERN = NO;
				GCC_OPTIMIZATION_LEVEL = s;
				GCC_PREPROCESSOR_DEFINITIONS = ("'CMAKE_INTDIR=\"$(CONFIGURATION)$(EFFECTIVE_PLATFORM_NAME)\"'","$(inherited)");
				GCC_SYMBOLS_PRIVATE_EXTERN = NO;
				HEADER_SEARCH_PATHS = (/usr/local/include,/Users/tobiash/Projects/DearUI/Blink2D/extern/googletest/googlemock/include,/Users/tobiash/Projects/DearUI/Blink2D/extern/googletest/googlemock,"$(inherited)");
				INSTALL_PATH = "";
				LIBRARY_STYLE = STATIC;
				OTHER_CPLUSPLUSFLAGS = "    -DNDEBUG '-std=c++20'  -DGTEST_HAS_PTHREAD=1   ";
				OTHER_LIBTOOLFLAGS = ("");
				OTHER_REZFLAGS = "";
				PRODUCT_NAME = gmock;
				SECTORDER_FLAGS = "";
				SYSTEM_HEADER_SEARCH_PATHS = (/Users/tobiash/Projects/DearUI/Blink2D/extern/googletest/googletest/include,/Users/tobiash/Projects/DearUI/Blink2D/extern/googletest/googletest,"$(inherited)");
				TARGET_TEMP_DIR = "/Users/tobiash/Projects/DearUI/Blink2D/xcodeproject/build/gmock.build/$(CONFIGURATION)$(EFFECTIVE_PLATFORM_NAME)";
				USE_HEADERMAP = NO;
				WARNING_CFLAGS = ("$(inherited)");
			};
			name = MinSizeRel;
		};
		8B242FFCBBDF4F3D96FF511A /* Release */ = {
			isa = XCBuildConfiguration;
			buildSettings = {
				ALWAYS_SEARCH_USER_PATHS = NO;
				COMBINE_HIDPI_IMAGES = YES;
				CONFIGURATION_BUILD_DIR = /Users/tobiash/Projects/DearUI/Blink2D/xcodeproject/lib/Release;
				EXECUTABLE_PREFIX = lib;
				EXECUTABLE_SUFFIX = .a;
				GCC_GENERATE_DEBUGGING_SYMBOLS = NO;
				GCC_INLINES_ARE_PRIVATE_EXTERN = NO;
				GCC_OPTIMIZATION_LEVEL = 3;
				GCC_PREPROCESSOR_DEFINITIONS = ("'CMAKE_INTDIR=\"$(CONFIGURATION)$(EFFECTIVE_PLATFORM_NAME)\"'","$(inherited)");
				GCC_SYMBOLS_PRIVATE_EXTERN = NO;
				HEADER_SEARCH_PATHS = (/usr/local/include,"$(inherited)");
				INSTALL_PATH = "";
				LIBRARY_STYLE = STATIC;
				OTHER_CPLUSPLUSFLAGS = "    -DNDEBUG '-std=c++20'  -DGTEST_HAS_PTHREAD=1   ";
				OTHER_LIBTOOLFLAGS = ("");
				OTHER_REZFLAGS = "";
				PRODUCT_NAME = gtest_main;
				SECTORDER_FLAGS = "";
				SYSTEM_HEADER_SEARCH_PATHS = (/Users/tobiash/Projects/DearUI/Blink2D/extern/googletest/googletest/include,/Users/tobiash/Projects/DearUI/Blink2D/extern/googletest/googletest,"$(inherited)");
				TARGET_TEMP_DIR = "/Users/tobiash/Projects/DearUI/Blink2D/xcodeproject/build/gtest_main.build/$(CONFIGURATION)$(EFFECTIVE_PLATFORM_NAME)";
				USE_HEADERMAP = NO;
				WARNING_CFLAGS = ("$(inherited)");
			};
			name = Release;
		};
		8D17F1057DD24F0194CB965B /* Debug */ = {
			isa = XCBuildConfiguration;
			buildSettings = {
				ARCHS = "$(NATIVE_ARCH_ACTUAL)";
				ONLY_ACTIVE_ARCH = YES;
				SDKROOT = /Applications/Xcode.app/Contents/Developer/Platforms/MacOSX.platform/Developer/SDKs/MacOSX13.3.sdk;
				SYMROOT = /Users/tobiash/Projects/DearUI/Blink2D/xcodeproject/build;
			};
			name = Debug;
		};
		8D843B5F536E4FA1BE6519FD /* Release */ = {
			isa = XCBuildConfiguration;
			buildSettings = {
				ALWAYS_SEARCH_USER_PATHS = NO;
				COMBINE_HIDPI_IMAGES = YES;
				GCC_GENERATE_DEBUGGING_SYMBOLS = YES;
				GCC_INLINES_ARE_PRIVATE_EXTERN = NO;
				GCC_OPTIMIZATION_LEVEL = 0;
				GCC_PREPROCESSOR_DEFINITIONS = ("'CMAKE_INTDIR=\"$(CONFIGURATION)$(EFFECTIVE_PLATFORM_NAME)\"'","$(inherited)");
				GCC_SYMBOLS_PRIVATE_EXTERN = NO;
				INSTALL_PATH = "";
				OTHER_LDFLAGS = ("","$(inherited)");
				OTHER_REZFLAGS = "";
				PRODUCT_NAME = ALL_BUILD;
				SECTORDER_FLAGS = "";
				USE_HEADERMAP = NO;
				WARNING_CFLAGS = ("$(inherited)");
			};
			name = Release;
		};
		8F737B7DD3BC4F8586055B7C /* Release */ = {
			isa = XCBuildConfiguration;
			buildSettings = {
				ALWAYS_SEARCH_USER_PATHS = NO;
				COMBINE_HIDPI_IMAGES = YES;
				CONFIGURATION_BUILD_DIR = /Users/tobiash/Projects/DearUI/Blink2D/xcodeproject/lib/Release;
				EXECUTABLE_PREFIX = lib;
				EXECUTABLE_SUFFIX = .a;
				GCC_GENERATE_DEBUGGING_SYMBOLS = NO;
				GCC_INLINES_ARE_PRIVATE_EXTERN = NO;
				GCC_OPTIMIZATION_LEVEL = 3;
				GCC_PREPROCESSOR_DEFINITIONS = ("'CMAKE_INTDIR=\"$(CONFIGURATION)$(EFFECTIVE_PLATFORM_NAME)\"'","$(inherited)");
				GCC_SYMBOLS_PRIVATE_EXTERN = NO;
				HEADER_SEARCH_PATHS = (/usr/local/include,/Users/tobiash/Projects/DearUI/Blink2D/extern/googletest/googletest/include,/Users/tobiash/Projects/DearUI/Blink2D/extern/googletest/googletest,"$(inherited)");
				INSTALL_PATH = "";
				LIBRARY_STYLE = STATIC;
				OTHER_CPLUSPLUSFLAGS = "    -DNDEBUG '-std=c++20'  -DGTEST_HAS_PTHREAD=1   ";
				OTHER_LIBTOOLFLAGS = ("");
				OTHER_REZFLAGS = "";
				PRODUCT_NAME = gtest;
				SECTORDER_FLAGS = "";
				TARGET_TEMP_DIR = "/Users/tobiash/Projects/DearUI/Blink2D/xcodeproject/build/gtest.build/$(CONFIGURATION)$(EFFECTIVE_PLATFORM_NAME)";
				USE_HEADERMAP = NO;
				WARNING_CFLAGS = ("$(inherited)");
			};
			name = Release;
		};
		9F1908A959B14627B1FDB10C /* Release */ = {
			isa = XCBuildConfiguration;
			buildSettings = {
				ALWAYS_SEARCH_USER_PATHS = NO;
				COMBINE_HIDPI_IMAGES = YES;
				CONFIGURATION_BUILD_DIR = /Users/tobiash/Projects/DearUI/Blink2D/xcodeproject/lib/Release;
				EXECUTABLE_PREFIX = lib;
				EXECUTABLE_SUFFIX = .a;
				GCC_GENERATE_DEBUGGING_SYMBOLS = NO;
				GCC_INLINES_ARE_PRIVATE_EXTERN = NO;
				GCC_OPTIMIZATION_LEVEL = 3;
				GCC_PREPROCESSOR_DEFINITIONS = ("'CMAKE_INTDIR=\"$(CONFIGURATION)$(EFFECTIVE_PLATFORM_NAME)\"'","$(inherited)");
				GCC_SYMBOLS_PRIVATE_EXTERN = NO;
				HEADER_SEARCH_PATHS = (/usr/local/include,/Users/tobiash/Projects/DearUI/Blink2D/extern/googletest/googlemock/include,/Users/tobiash/Projects/DearUI/Blink2D/extern/googletest/googlemock,"$(inherited)");
				INSTALL_PATH = "";
				LIBRARY_STYLE = STATIC;
				OTHER_CPLUSPLUSFLAGS = "    -DNDEBUG '-std=c++20'  -DGTEST_HAS_PTHREAD=1   ";
				OTHER_LIBTOOLFLAGS = ("");
				OTHER_REZFLAGS = "";
				PRODUCT_NAME = gmock;
				SECTORDER_FLAGS = "";
				SYSTEM_HEADER_SEARCH_PATHS = (/Users/tobiash/Projects/DearUI/Blink2D/extern/googletest/googletest/include,/Users/tobiash/Projects/DearUI/Blink2D/extern/googletest/googletest,"$(inherited)");
				TARGET_TEMP_DIR = "/Users/tobiash/Projects/DearUI/Blink2D/xcodeproject/build/gmock.build/$(CONFIGURATION)$(EFFECTIVE_PLATFORM_NAME)";
				USE_HEADERMAP = NO;
				WARNING_CFLAGS = ("$(inherited)");
			};
			name = Release;
		};
		C6CC6FDF37214C8695EA188E /* MinSizeRel */ = {
			isa = XCBuildConfiguration;
			buildSettings = {
				ALWAYS_SEARCH_USER_PATHS = NO;
				COMBINE_HIDPI_IMAGES = YES;
				CONFIGURATION_BUILD_DIR = /Users/tobiash/Projects/DearUI/Blink2D/xcodeproject/lib/MinSizeRel;
				EXECUTABLE_PREFIX = lib;
				EXECUTABLE_SUFFIX = .a;
				GCC_GENERATE_DEBUGGING_SYMBOLS = NO;
				GCC_INLINES_ARE_PRIVATE_EXTERN = NO;
				GCC_OPTIMIZATION_LEVEL = s;
				GCC_PREPROCESSOR_DEFINITIONS = ("'CMAKE_INTDIR=\"$(CONFIGURATION)$(EFFECTIVE_PLATFORM_NAME)\"'","$(inherited)");
				GCC_SYMBOLS_PRIVATE_EXTERN = NO;
				HEADER_SEARCH_PATHS = (/usr/local/include,/Users/tobiash/Projects/DearUI/Blink2D/extern/googletest/googletest/include,/Users/tobiash/Projects/DearUI/Blink2D/extern/googletest/googletest,"$(inherited)");
				INSTALL_PATH = "";
				LIBRARY_STYLE = STATIC;
				OTHER_CPLUSPLUSFLAGS = "    -DNDEBUG '-std=c++20'  -DGTEST_HAS_PTHREAD=1   ";
				OTHER_LIBTOOLFLAGS = ("");
				OTHER_REZFLAGS = "";
				PRODUCT_NAME = gtest;
				SECTORDER_FLAGS = "";
				TARGET_TEMP_DIR = "/Users/tobiash/Projects/DearUI/Blink2D/xcodeproject/build/gtest.build/$(CONFIGURATION)$(EFFECTIVE_PLATFORM_NAME)";
				USE_HEADERMAP = NO;
				WARNING_CFLAGS = ("$(inherited)");
			};
			name = MinSizeRel;
		};
		CC306452B3CC46248EA20090 /* RelWithDebInfo */ = {
			isa = XCBuildConfiguration;
			buildSettings = {
				ALWAYS_SEARCH_USER_PATHS = NO;
				COMBINE_HIDPI_IMAGES = YES;
				GCC_GENERATE_DEBUGGING_SYMBOLS = YES;
				GCC_INLINES_ARE_PRIVATE_EXTERN = NO;
				GCC_OPTIMIZATION_LEVEL = 0;
				GCC_PREPROCESSOR_DEFINITIONS = ("'CMAKE_INTDIR=\"$(CONFIGURATION)$(EFFECTIVE_PLATFORM_NAME)\"'","$(inherited)");
				GCC_SYMBOLS_PRIVATE_EXTERN = NO;
				INSTALL_PATH = "";
				OTHER_LDFLAGS = ("","$(inherited)");
				OTHER_REZFLAGS = "";
				PRODUCT_NAME = ZERO_CHECK;
				SECTORDER_FLAGS = "";
				USE_HEADERMAP = NO;
				WARNING_CFLAGS = ("$(inherited)");
			};
			name = RelWithDebInfo;
		};
		CED89C30A11349408E1F4117 /* Release */ = {
			isa = XCBuildConfiguration;
			buildSettings = {
				ALWAYS_SEARCH_USER_PATHS = NO;
				COMBINE_HIDPI_IMAGES = YES;
				GCC_GENERATE_DEBUGGING_SYMBOLS = YES;
				GCC_INLINES_ARE_PRIVATE_EXTERN = NO;
				GCC_OPTIMIZATION_LEVEL = 0;
				GCC_PREPROCESSOR_DEFINITIONS = ("'CMAKE_INTDIR=\"$(CONFIGURATION)$(EFFECTIVE_PLATFORM_NAME)\"'","$(inherited)");
				GCC_SYMBOLS_PRIVATE_EXTERN = NO;
				INSTALL_PATH = "";
				OTHER_LDFLAGS = ("","$(inherited)");
				OTHER_REZFLAGS = "";
				PRODUCT_NAME = ZERO_CHECK;
				SECTORDER_FLAGS = "";
				USE_HEADERMAP = NO;
				WARNING_CFLAGS = ("$(inherited)");
			};
			name = Release;
		};
		D5460DCCC207459D8FCB0C66 /* Release */ = {
			isa = XCBuildConfiguration;
			buildSettings = {
				ALWAYS_SEARCH_USER_PATHS = NO;
				COMBINE_HIDPI_IMAGES = YES;
				GCC_GENERATE_DEBUGGING_SYMBOLS = YES;
				GCC_INLINES_ARE_PRIVATE_EXTERN = NO;
				GCC_OPTIMIZATION_LEVEL = 0;
				GCC_PREPROCESSOR_DEFINITIONS = ("'CMAKE_INTDIR=\"$(CONFIGURATION)$(EFFECTIVE_PLATFORM_NAME)\"'","$(inherited)");
				GCC_SYMBOLS_PRIVATE_EXTERN = NO;
				INSTALL_PATH = "";
				OTHER_LDFLAGS = ("","$(inherited)");
				OTHER_REZFLAGS = "";
				PRODUCT_NAME = install;
				SECTORDER_FLAGS = "";
				USE_HEADERMAP = NO;
				WARNING_CFLAGS = ("$(inherited)");
			};
			name = Release;
		};
		D778D45E5B0548658025117B /* MinSizeRel */ = {
			isa = XCBuildConfiguration;
			buildSettings = {
				ALWAYS_SEARCH_USER_PATHS = NO;
				COMBINE_HIDPI_IMAGES = YES;
				GCC_GENERATE_DEBUGGING_SYMBOLS = YES;
				GCC_INLINES_ARE_PRIVATE_EXTERN = NO;
				GCC_OPTIMIZATION_LEVEL = 0;
				GCC_PREPROCESSOR_DEFINITIONS = ("'CMAKE_INTDIR=\"$(CONFIGURATION)$(EFFECTIVE_PLATFORM_NAME)\"'","$(inherited)");
				GCC_SYMBOLS_PRIVATE_EXTERN = NO;
				INSTALL_PATH = "";
				OTHER_LDFLAGS = ("","$(inherited)");
				OTHER_REZFLAGS = "";
				PRODUCT_NAME = RUN_TESTS;
				SECTORDER_FLAGS = "";
				USE_HEADERMAP = NO;
				WARNING_CFLAGS = ("$(inherited)");
			};
			name = MinSizeRel;
		};
		DAD8451B167F461C9E13DD45 /* Release */ = {
			isa = XCBuildConfiguration;
			buildSettings = {
				ARCHS = "$(NATIVE_ARCH_ACTUAL)";
				ONLY_ACTIVE_ARCH = YES;
				SDKROOT = /Applications/Xcode.app/Contents/Developer/Platforms/MacOSX.platform/Developer/SDKs/MacOSX13.3.sdk;
				SWIFT_COMPILATION_MODE = wholemodule;
				SYMROOT = /Users/tobiash/Projects/DearUI/Blink2D/xcodeproject/build;
			};
			name = Release;
		};
		DC4DBFF439BE43E286F90AB0 /* RelWithDebInfo */ = {
			isa = XCBuildConfiguration;
			buildSettings = {
				ARCHS = "$(NATIVE_ARCH_ACTUAL)";
				ONLY_ACTIVE_ARCH = YES;
				SDKROOT = /Applications/Xcode.app/Contents/Developer/Platforms/MacOSX.platform/Developer/SDKs/MacOSX13.3.sdk;
				SWIFT_COMPILATION_MODE = wholemodule;
				SYMROOT = /Users/tobiash/Projects/DearUI/Blink2D/xcodeproject/build;
			};
			name = RelWithDebInfo;
		};
		DE866446D8AB44649F6051C1 /* MinSizeRel */ = {
			isa = XCBuildConfiguration;
			buildSettings = {
				ALWAYS_SEARCH_USER_PATHS = NO;
				COMBINE_HIDPI_IMAGES = YES;
				CONFIGURATION_BUILD_DIR = /Users/tobiash/Projects/DearUI/Blink2D/xcodeproject/lib/MinSizeRel;
				EXECUTABLE_PREFIX = lib;
				EXECUTABLE_SUFFIX = .a;
				GCC_GENERATE_DEBUGGING_SYMBOLS = NO;
				GCC_INLINES_ARE_PRIVATE_EXTERN = NO;
				GCC_OPTIMIZATION_LEVEL = s;
				GCC_PREPROCESSOR_DEFINITIONS = ("'CMAKE_INTDIR=\"$(CONFIGURATION)$(EFFECTIVE_PLATFORM_NAME)\"'","$(inherited)");
				GCC_SYMBOLS_PRIVATE_EXTERN = NO;
				HEADER_SEARCH_PATHS = (/usr/local/include,"$(inherited)");
				INSTALL_PATH = "";
				LIBRARY_STYLE = STATIC;
				OTHER_CPLUSPLUSFLAGS = "    -DNDEBUG '-std=c++20'  -DGTEST_HAS_PTHREAD=1   ";
				OTHER_LIBTOOLFLAGS = ("");
				OTHER_REZFLAGS = "";
				PRODUCT_NAME = gtest_main;
				SECTORDER_FLAGS = "";
				SYSTEM_HEADER_SEARCH_PATHS = (/Users/tobiash/Projects/DearUI/Blink2D/extern/googletest/googletest/include,/Users/tobiash/Projects/DearUI/Blink2D/extern/googletest/googletest,"$(inherited)");
				TARGET_TEMP_DIR = "/Users/tobiash/Projects/DearUI/Blink2D/xcodeproject/build/gtest_main.build/$(CONFIGURATION)$(EFFECTIVE_PLATFORM_NAME)";
				USE_HEADERMAP = NO;
				WARNING_CFLAGS = ("$(inherited)");
			};
			name = MinSizeRel;
		};
		E350092A4CBD4CD4923807D2 /* RelWithDebInfo */ = {
			isa = XCBuildConfiguration;
			buildSettings = {
				ALWAYS_SEARCH_USER_PATHS = NO;
				COMBINE_HIDPI_IMAGES = YES;
				CONFIGURATION_BUILD_DIR = /Users/tobiash/Projects/DearUI/Blink2D/xcodeproject/lib/RelWithDebInfo;
				EXECUTABLE_PREFIX = lib;
				EXECUTABLE_SUFFIX = .a;
				GCC_GENERATE_DEBUGGING_SYMBOLS = YES;
				GCC_INLINES_ARE_PRIVATE_EXTERN = NO;
				GCC_OPTIMIZATION_LEVEL = 2;
				GCC_PREPROCESSOR_DEFINITIONS = ("'CMAKE_INTDIR=\"$(CONFIGURATION)$(EFFECTIVE_PLATFORM_NAME)\"'","$(inherited)");
				GCC_SYMBOLS_PRIVATE_EXTERN = NO;
				HEADER_SEARCH_PATHS = (/usr/local/include,"$(inherited)");
				INSTALL_PATH = "";
				LIBRARY_STYLE = STATIC;
				OTHER_CPLUSPLUSFLAGS = "       -DNDEBUG '-std=c++20'  -DGTEST_HAS_PTHREAD=1   ";
				OTHER_LIBTOOLFLAGS = ("");
				OTHER_REZFLAGS = "";
				PRODUCT_NAME = gtest_main;
				SECTORDER_FLAGS = "";
				SYSTEM_HEADER_SEARCH_PATHS = (/Users/tobiash/Projects/DearUI/Blink2D/extern/googletest/googletest/include,/Users/tobiash/Projects/DearUI/Blink2D/extern/googletest/googletest,"$(inherited)");
				TARGET_TEMP_DIR = "/Users/tobiash/Projects/DearUI/Blink2D/xcodeproject/build/gtest_main.build/$(CONFIGURATION)$(EFFECTIVE_PLATFORM_NAME)";
				USE_HEADERMAP = NO;
				WARNING_CFLAGS = ("$(inherited)");
			};
			name = RelWithDebInfo;
		};
		EB5169C1DEB04899ACD99EF5 /* RelWithDebInfo */ = {
			isa = XCBuildConfiguration;
			buildSettings = {
				ALWAYS_SEARCH_USER_PATHS = NO;
				COMBINE_HIDPI_IMAGES = YES;
				GCC_GENERATE_DEBUGGING_SYMBOLS = YES;
				GCC_INLINES_ARE_PRIVATE_EXTERN = NO;
				GCC_OPTIMIZATION_LEVEL = 0;
				GCC_PREPROCESSOR_DEFINITIONS = ("'CMAKE_INTDIR=\"$(CONFIGURATION)$(EFFECTIVE_PLATFORM_NAME)\"'","$(inherited)");
				GCC_SYMBOLS_PRIVATE_EXTERN = NO;
				INSTALL_PATH = "";
				OTHER_LDFLAGS = ("","$(inherited)");
				OTHER_REZFLAGS = "";
				PRODUCT_NAME = ALL_BUILD;
				SECTORDER_FLAGS = "";
				USE_HEADERMAP = NO;
				WARNING_CFLAGS = ("$(inherited)");
			};
			name = RelWithDebInfo;
		};
		ED0FBD947C02441AB052B9C9 /* MinSizeRel */ = {
			isa = XCBuildConfiguration;
			buildSettings = {
				ARCHS = "$(NATIVE_ARCH_ACTUAL)";
				ONLY_ACTIVE_ARCH = YES;
				SDKROOT = /Applications/Xcode.app/Contents/Developer/Platforms/MacOSX.platform/Developer/SDKs/MacOSX13.3.sdk;
				SWIFT_COMPILATION_MODE = wholemodule;
				SYMROOT = /Users/tobiash/Projects/DearUI/Blink2D/xcodeproject/build;
			};
			name = MinSizeRel;
		};
		F1C1B4678C0E421CB75B268C /* RelWithDebInfo */ = {
			isa = XCBuildConfiguration;
			buildSettings = {
				ALWAYS_SEARCH_USER_PATHS = NO;
				COMBINE_HIDPI_IMAGES = YES;
				GCC_GENERATE_DEBUGGING_SYMBOLS = YES;
				GCC_INLINES_ARE_PRIVATE_EXTERN = NO;
				GCC_OPTIMIZATION_LEVEL = 0;
				GCC_PREPROCESSOR_DEFINITIONS = ("'CMAKE_INTDIR=\"$(CONFIGURATION)$(EFFECTIVE_PLATFORM_NAME)\"'","$(inherited)");
				GCC_SYMBOLS_PRIVATE_EXTERN = NO;
				INSTALL_PATH = "";
				OTHER_LDFLAGS = ("","$(inherited)");
				OTHER_REZFLAGS = "";
				PRODUCT_NAME = install;
				SECTORDER_FLAGS = "";
				USE_HEADERMAP = NO;
				WARNING_CFLAGS = ("$(inherited)");
			};
			name = RelWithDebInfo;
		};
		FC1403DC3C4E4E22BD0F3AE2 /* Release */ = {
			isa = XCBuildConfiguration;
			buildSettings = {
				ALWAYS_SEARCH_USER_PATHS = NO;
				COMBINE_HIDPI_IMAGES = YES;
				GCC_GENERATE_DEBUGGING_SYMBOLS = YES;
				GCC_INLINES_ARE_PRIVATE_EXTERN = NO;
				GCC_OPTIMIZATION_LEVEL = 0;
				GCC_PREPROCESSOR_DEFINITIONS = ("'CMAKE_INTDIR=\"$(CONFIGURATION)$(EFFECTIVE_PLATFORM_NAME)\"'","$(inherited)");
				GCC_SYMBOLS_PRIVATE_EXTERN = NO;
				INSTALL_PATH = "";
				OTHER_LDFLAGS = ("","$(inherited)");
				OTHER_REZFLAGS = "";
				PRODUCT_NAME = RUN_TESTS;
				SECTORDER_FLAGS = "";
				USE_HEADERMAP = NO;
				WARNING_CFLAGS = ("$(inherited)");
			};
			name = Release;
		};
		FC431BCB69954159ACEC4DB6 /* Debug */ = {
			isa = XCBuildConfiguration;
			buildSettings = {
				ALWAYS_SEARCH_USER_PATHS = NO;
				COMBINE_HIDPI_IMAGES = YES;
				GCC_GENERATE_DEBUGGING_SYMBOLS = YES;
				GCC_INLINES_ARE_PRIVATE_EXTERN = NO;
				GCC_OPTIMIZATION_LEVEL = 0;
				GCC_PREPROCESSOR_DEFINITIONS = ("'CMAKE_INTDIR=\"$(CONFIGURATION)$(EFFECTIVE_PLATFORM_NAME)\"'","$(inherited)");
				GCC_SYMBOLS_PRIVATE_EXTERN = NO;
				INSTALL_PATH = "";
				OTHER_LDFLAGS = ("","$(inherited)");
				OTHER_REZFLAGS = "";
				PRODUCT_NAME = ALL_BUILD;
				SECTORDER_FLAGS = "";
				USE_HEADERMAP = NO;
				WARNING_CFLAGS = ("$(inherited)");
			};
			name = Debug;
		};
/* End XCBuildConfiguration section */

/* Begin XCConfigurationList section */
		1447A5EC0E6B477BB7CCA91B /* Build configuration list for PBXNativeTarget "gtest" */ = {
			isa = XCConfigurationList;
			buildConfigurations = (
				0FB1E97C33F64AA5AC4FBB62 /* Debug */,
				8F737B7DD3BC4F8586055B7C /* Release */,
				C6CC6FDF37214C8695EA188E /* MinSizeRel */,
				15252EC6E9BA406484FC7C67 /* RelWithDebInfo */,
			);
			defaultConfigurationIsVisible = 0;
			defaultConfigurationName = Debug;
		};
		64F6DC6CBD224A9DB5630120 /* Build configuration list for PBXAggregateTarget "ZERO_CHECK" */ = {
			isa = XCConfigurationList;
			buildConfigurations = (
				2815B471BB2B4FA0B4A8026D /* Debug */,
				CED89C30A11349408E1F4117 /* Release */,
				4542F25939B4430983BF0766 /* MinSizeRel */,
				CC306452B3CC46248EA20090 /* RelWithDebInfo */,
			);
			defaultConfigurationIsVisible = 0;
			defaultConfigurationName = Debug;
		};
		94DFE9A73F8F4D30AF5CB339 /* Build configuration list for PBXAggregateTarget "install" */ = {
			isa = XCConfigurationList;
			buildConfigurations = (
				0615A546562447318D0BE26E /* Debug */,
				D5460DCCC207459D8FCB0C66 /* Release */,
				09C96E936C66425889027868 /* MinSizeRel */,
				F1C1B4678C0E421CB75B268C /* RelWithDebInfo */,
			);
			defaultConfigurationIsVisible = 0;
			defaultConfigurationName = Debug;
		};
		B36CE8A50AB04B55936D2CB2 /* Build configuration list for PBXProject "gmock" */ = {
			isa = XCConfigurationList;
			buildConfigurations = (
				8D17F1057DD24F0194CB965B /* Debug */,
				DAD8451B167F461C9E13DD45 /* Release */,
				ED0FBD947C02441AB052B9C9 /* MinSizeRel */,
				DC4DBFF439BE43E286F90AB0 /* RelWithDebInfo */,
			);
			defaultConfigurationIsVisible = 0;
			defaultConfigurationName = Debug;
		};
		BDD0E88541CB44129994A2EC /* Build configuration list for PBXNativeTarget "gmock_main" */ = {
			isa = XCConfigurationList;
			buildConfigurations = (
				2C567277A09A41C69798BE40 /* Debug */,
				02761D0379384BB4B21E6152 /* Release */,
				648323ADAE504366837994AC /* MinSizeRel */,
				1FC48A5D1765490284DA50A6 /* RelWithDebInfo */,
			);
			defaultConfigurationIsVisible = 0;
			defaultConfigurationName = Debug;
		};
		CABCBA4097C24BA390373683 /* Build configuration list for PBXNativeTarget "gtest_main" */ = {
			isa = XCConfigurationList;
			buildConfigurations = (
				2C4ADEF6989A4C548A07651C /* Debug */,
				8B242FFCBBDF4F3D96FF511A /* Release */,
				DE866446D8AB44649F6051C1 /* MinSizeRel */,
				E350092A4CBD4CD4923807D2 /* RelWithDebInfo */,
			);
			defaultConfigurationIsVisible = 0;
			defaultConfigurationName = Debug;
		};
		DC3859B68A914B54B79D71DD /* Build configuration list for PBXAggregateTarget "RUN_TESTS" */ = {
			isa = XCConfigurationList;
			buildConfigurations = (
				3303A081CCEF41EFB1D29DC7 /* Debug */,
				FC1403DC3C4E4E22BD0F3AE2 /* Release */,
				D778D45E5B0548658025117B /* MinSizeRel */,
				580DB9133B2B4F9ABEFCF3AC /* RelWithDebInfo */,
			);
			defaultConfigurationIsVisible = 0;
			defaultConfigurationName = Debug;
		};
		F56A5FDCB04D464A964CF0B8 /* Build configuration list for PBXAggregateTarget "ALL_BUILD" */ = {
			isa = XCConfigurationList;
			buildConfigurations = (
				FC431BCB69954159ACEC4DB6 /* Debug */,
				8D843B5F536E4FA1BE6519FD /* Release */,
				765D8C06F5844C54BCA7C098 /* MinSizeRel */,
				EB5169C1DEB04899ACD99EF5 /* RelWithDebInfo */,
			);
			defaultConfigurationIsVisible = 0;
			defaultConfigurationName = Debug;
		};
		F9C291AE892248EF8578F513 /* Build configuration list for PBXNativeTarget "gmock" */ = {
			isa = XCConfigurationList;
			buildConfigurations = (
				7C93A26753134282AA8DD796 /* Debug */,
				9F1908A959B14627B1FDB10C /* Release */,
				823DAE32498D4274A6FDDE14 /* MinSizeRel */,
				59CC7E588E374F2F8040F3A8 /* RelWithDebInfo */,
			);
			defaultConfigurationIsVisible = 0;
			defaultConfigurationName = Debug;
		};
/* End XCConfigurationList section */
	};
	rootObject = E6EE3D8DC27642CE9429D03F /* Project object */;
}
