// !$*UTF8*$!
{
	archiveVersion = 1;
	classes = {
	};
	objectVersion = 46;
	objects = {

/* Begin PBXAggregateTarget section */
		17346BAE6C1E4AE1909EDB7B /* ALL_BUILD */ = {
			isa = PBXAggregateTarget;
			buildConfigurationList = 08B844E61418447E8A12B3FE /* Build configuration list for PBXAggregateTarget "ALL_BUILD" */;
			buildPhases = (
				1E36C6291701C5A33D3E19C1 /* Generate CMakeFiles/ALL_BUILD */,
			);
			dependencies = (
				6EF04020153D4D38A147EDFB /* PBXTargetDependency */,
				4298305DBC2C4F81B8755ADB /* PBXTargetDependency */,
				7BA823E0A8CE473A97470516 /* PBXTargetDependency */,
			);
			name = ALL_BUILD;
			productName = ALL_BUILD;
		};
		323B1BDBA8974769A6753696 /* RUN_TESTS */ = {
			isa = PBXAggregateTarget;
			buildConfigurationList = AC987A2BF7784802A760412D /* Build configuration list for PBXAggregateTarget "RUN_TESTS" */;
			buildPhases = (
				003C8D08B0008F35F218E126 /* CMake PostBuild Rules */,
			);
			dependencies = (
			);
			name = RUN_TESTS;
			productName = RUN_TESTS;
		};
		668DFFD787644766BABFAD36 /* ZERO_CHECK */ = {
			isa = PBXAggregateTarget;
			buildConfigurationList = 1C7DC2CE38AB45F2BF63F640 /* Build configuration list for PBXAggregateTarget "ZERO_CHECK" */;
			buildPhases = (
				E4CE50E099490838E5D444A9 /* Generate CMakeFiles/ZERO_CHECK */,
			);
			dependencies = (
			);
			name = ZERO_CHECK;
			productName = ZERO_CHECK;
		};
		790F58B9F9494A8B844FC7C9 /* install */ = {
			isa = PBXAggregateTarget;
			buildConfigurationList = F62A80E809334BCFB2EE79D0 /* Build configuration list for PBXAggregateTarget "install" */;
			buildPhases = (
				93426DA6A4AC2C2AC9CE883C /* CMake PostBuild Rules */,
			);
			dependencies = (
				09B9F5A0D9824E4D87CFFB2E /* PBXTargetDependency */,
			);
			name = install;
			productName = install;
		};
/* End PBXAggregateTarget section */

/* Begin PBXBuildFile section */
		1B48469AC0044DEFAE53DFBF /* /Users/tobiash/Projects/DearUI/Blink2D/extern/googletest/googletest/CMakeLists.txt */ = {isa = PBXBuildFile; fileRef = CA20B8E3648F4C75A5EA7F91 /* /Users/tobiash/Projects/DearUI/Blink2D/extern/googletest/googletest/CMakeLists.txt */; };
		4187C3684BAF40409268553C /* /Users/tobiash/Projects/DearUI/Blink2D/extern/googletest/googletest/src/gtest-all.cc */ = {isa = PBXBuildFile; fileRef = 04F2BFE730634EC9AB851D33 /* /Users/tobiash/Projects/DearUI/Blink2D/extern/googletest/googletest/src/gtest-all.cc */; };
		815980595ED047828BAC8178 /* /Users/tobiash/Projects/DearUI/Blink2D/extern/googletest/googletest/CMakeLists.txt */ = {isa = PBXBuildFile; fileRef = 4384C7681FF149CEB3BEF1B9 /* /Users/tobiash/Projects/DearUI/Blink2D/extern/googletest/googletest/CMakeLists.txt */; };
		AB6FADC1B62B44D9842E3630 /* /Users/tobiash/Projects/DearUI/Blink2D/extern/googletest/googletest/src/gtest_main.cc */ = {isa = PBXBuildFile; fileRef = 458DFFEEE5BB49E88E949F89 /* /Users/tobiash/Projects/DearUI/Blink2D/extern/googletest/googletest/src/gtest_main.cc */; };
/* End PBXBuildFile section */

/* Begin PBXBuildStyle section */
		8823F2F90BE94C34BD528580 /* MinSizeRel */ = {
			isa = PBXBuildStyle;
			buildSettings = {
				COPY_PHASE_STRIP = NO;
			};
			name = MinSizeRel;
		};
		C822E7661F884A269ACAE3C9 /* Debug */ = {
			isa = PBXBuildStyle;
			buildSettings = {
				COPY_PHASE_STRIP = NO;
			};
			name = Debug;
		};
		DFBD1254DCB4403286895F7F /* RelWithDebInfo */ = {
			isa = PBXBuildStyle;
			buildSettings = {
				COPY_PHASE_STRIP = NO;
			};
			name = RelWithDebInfo;
		};
		EBCBCD53F96D417D85940A1F /* Release */ = {
			isa = PBXBuildStyle;
			buildSettings = {
				COPY_PHASE_STRIP = NO;
			};
			name = Release;
		};
/* End PBXBuildStyle section */

/* Begin PBXContainerItemProxy section */
		45AF6328C6024AC2B9D08BFA /* PBXContainerItemProxy */ = {
			isa = PBXContainerItemProxy;
			containerPortal = 743C9C7B3CE544F5837D878F /* Project object */;
			proxyType = 1;
			remoteGlobalIDString = 668DFFD787644766BABFAD36;
			remoteInfo = ZERO_CHECK;
		};
		6323B11634614C269200ED41 /* PBXContainerItemProxy */ = {
			isa = PBXContainerItemProxy;
			containerPortal = 743C9C7B3CE544F5837D878F /* Project object */;
			proxyType = 1;
			remoteGlobalIDString = 668DFFD787644766BABFAD36;
			remoteInfo = ZERO_CHECK;
		};
		6E7E13657B294381BB74B634 /* PBXContainerItemProxy */ = {
			isa = PBXContainerItemProxy;
			containerPortal = 743C9C7B3CE544F5837D878F /* Project object */;
			proxyType = 1;
			remoteGlobalIDString = 17346BAE6C1E4AE1909EDB7B;
			remoteInfo = ALL_BUILD;
		};
		80C5462214F8400E84F5D14D /* PBXContainerItemProxy */ = {
			isa = PBXContainerItemProxy;
			containerPortal = 743C9C7B3CE544F5837D878F /* Project object */;
			proxyType = 1;
			remoteGlobalIDString = 668DFFD787644766BABFAD36;
			remoteInfo = ZERO_CHECK;
		};
		A4F3741BC16E4BC5B72BEB4E /* PBXContainerItemProxy */ = {
			isa = PBXContainerItemProxy;
			containerPortal = 743C9C7B3CE544F5837D878F /* Project object */;
			proxyType = 1;
			remoteGlobalIDString = BE2EC6E08A914FC4AA5B6D37;
			remoteInfo = gtest;
		};
		BD78D232440D49FD93A2D22B /* PBXContainerItemProxy */ = {
			isa = PBXContainerItemProxy;
			containerPortal = 743C9C7B3CE544F5837D878F /* Project object */;
			proxyType = 1;
			remoteGlobalIDString = 23FE403B6A18430C86C439FC;
			remoteInfo = gtest_main;
		};
		C7192D3C4FA24B64B4B60741 /* PBXContainerItemProxy */ = {
			isa = PBXContainerItemProxy;
			containerPortal = 743C9C7B3CE544F5837D878F /* Project object */;
			proxyType = 1;
			remoteGlobalIDString = BE2EC6E08A914FC4AA5B6D37;
			remoteInfo = gtest;
		};
/* End PBXContainerItemProxy section */

/* Begin PBXFileReference section */
		04F2BFE730634EC9AB851D33 /* /Users/tobiash/Projects/DearUI/Blink2D/extern/googletest/googletest/src/gtest-all.cc */ = {isa = PBXFileReference; explicitFileType = sourcecode.cpp.cpp; fileEncoding = 4; name = "gtest-all.cc"; path = "src/gtest-all.cc"; sourceTree = SOURCE_ROOT; };
		0CE06F05CB9F4553851E7336 /* /Users/tobiash/Projects/DearUI/Blink2D/extern/googletest/googletest/CMakeLists.txt */ = {isa = PBXFileReference; explicitFileType = sourcecode.text; fileEncoding = 4; name = CMakeLists.txt; path = CMakeLists.txt; sourceTree = SOURCE_ROOT; };
		299EFB5136BE49458F92E7D0 /* gtest */ = {isa = PBXFileReference; explicitFileType = archive.ar; path = libgtest.a; sourceTree = BUILT_PRODUCTS_DIR; };
		4384C7681FF149CEB3BEF1B9 /* /Users/tobiash/Projects/DearUI/Blink2D/extern/googletest/googletest/CMakeLists.txt */ = {isa = PBXFileReference; explicitFileType = sourcecode.text; fileEncoding = 4; name = CMakeLists.txt; path = CMakeLists.txt; sourceTree = SOURCE_ROOT; };
		458DFFEEE5BB49E88E949F89 /* /Users/tobiash/Projects/DearUI/Blink2D/extern/googletest/googletest/src/gtest_main.cc */ = {isa = PBXFileReference; explicitFileType = sourcecode.cpp.cpp; fileEncoding = 4; name = gtest_main.cc; path = src/gtest_main.cc; sourceTree = SOURCE_ROOT; };
		7727B5454A9342259C099315 /* gtest_main */ = {isa = PBXFileReference; explicitFileType = archive.ar; path = libgtest_main.a; sourceTree = BUILT_PRODUCTS_DIR; };
		CA20B8E3648F4C75A5EA7F91 /* /Users/tobiash/Projects/DearUI/Blink2D/extern/googletest/googletest/CMakeLists.txt */ = {isa = PBXFileReference; explicitFileType = sourcecode.text; fileEncoding = 4; name = CMakeLists.txt; path = CMakeLists.txt; sourceTree = SOURCE_ROOT; };
/* End PBXFileReference section */

/* Begin PBXFrameworksBuildPhase section */
		86B7E63BE4F14E0BA9AD5FB3 /* Frameworks */ = {
			isa = PBXFrameworksBuildPhase;
			buildActionMask = 2147483647;
			files = (
			);
			runOnlyForDeploymentPostprocessing = 0;
		};
		E090C367E4D741179A86694C /* Frameworks */ = {
			isa = PBXFrameworksBuildPhase;
			buildActionMask = 2147483647;
			files = (
			);
			runOnlyForDeploymentPostprocessing = 0;
		};
/* End PBXFrameworksBuildPhase section */

/* Begin PBXGroup section */
		01C006F7381A480BA9337264 /* Frameworks */ = {
			isa = PBXGroup;
			children = (
			);
			name = Frameworks;
			sourceTree = "<group>";
		};
		17C19EE6208F4F23A8203F0B /* Source Files */ = {
			isa = PBXGroup;
			children = (
				458DFFEEE5BB49E88E949F89 /* /Users/tobiash/Projects/DearUI/Blink2D/extern/googletest/googletest/src/gtest_main.cc */,
			);
			name = "Source Files";
			sourceTree = "<group>";
		};
		23D460A74D3644CAAF810A87 /* Source Files */ = {
			isa = PBXGroup;
			children = (
				04F2BFE730634EC9AB851D33 /* /Users/tobiash/Projects/DearUI/Blink2D/extern/googletest/googletest/src/gtest-all.cc */,
			);
			name = "Source Files";
			sourceTree = "<group>";
		};
		24C793F8BB834C709BCC9F73 /* ALL_BUILD */ = {
			isa = PBXGroup;
			children = (
				312F8AAE0D5F4B1CBF4D99AB /* CMake Rules */,
				0CE06F05CB9F4553851E7336 /* /Users/tobiash/Projects/DearUI/Blink2D/extern/googletest/googletest/CMakeLists.txt */,
			);
			name = ALL_BUILD;
			sourceTree = "<group>";
		};
		312F8AAE0D5F4B1CBF4D99AB /* CMake Rules */ = {
			isa = PBXGroup;
			children = (
			);
			name = "CMake Rules";
			sourceTree = "<group>";
		};
		62333D027E764082ADBC32E9 /* gtest_main */ = {
			isa = PBXGroup;
			children = (
				17C19EE6208F4F23A8203F0B /* Source Files */,
				CA20B8E3648F4C75A5EA7F91 /* /Users/tobiash/Projects/DearUI/Blink2D/extern/googletest/googletest/CMakeLists.txt */,
			);
			name = gtest_main;
			sourceTree = "<group>";
		};
		9061C7FAA6C24F2882B94081 = {
			isa = PBXGroup;
			children = (
				A477513A1770422C9834CC04 /* gtest */,
				62333D027E764082ADBC32E9 /* gtest_main */,
				24C793F8BB834C709BCC9F73 /* ALL_BUILD */,
				DBA1A31239084D2E95F4ED5C /* Products */,
				01C006F7381A480BA9337264 /* Frameworks */,
				CA33E36231F24560B73F5640 /* Resources */,
			);
			sourceTree = "<group>";
		};
		A477513A1770422C9834CC04 /* gtest */ = {
			isa = PBXGroup;
			children = (
				23D460A74D3644CAAF810A87 /* Source Files */,
				4384C7681FF149CEB3BEF1B9 /* /Users/tobiash/Projects/DearUI/Blink2D/extern/googletest/googletest/CMakeLists.txt */,
			);
			name = gtest;
			sourceTree = "<group>";
		};
		CA33E36231F24560B73F5640 /* Resources */ = {
			isa = PBXGroup;
			children = (
			);
			name = Resources;
			sourceTree = "<group>";
		};
		DBA1A31239084D2E95F4ED5C /* Products */ = {
			isa = PBXGroup;
			children = (
				299EFB5136BE49458F92E7D0 /* gtest */,
				7727B5454A9342259C099315 /* gtest_main */,
			);
			name = Products;
			sourceTree = "<group>";
		};
/* End PBXGroup section */

/* Begin PBXNativeTarget section */
		23FE403B6A18430C86C439FC /* gtest_main */ = {
			isa = PBXNativeTarget;
			buildConfigurationList = BE326259F2894410A74625D7 /* Build configuration list for PBXNativeTarget "gtest_main" */;
			buildPhases = (
				DE5BC9510DB843588264608A /* Sources */,
				E090C367E4D741179A86694C /* Frameworks */,
			);
			buildRules = (
			);
			dependencies = (
				8DF96DD4B5C14F8D8D6507C8 /* PBXTargetDependency */,
				6731F100ADC84A3A952FEFF8 /* PBXTargetDependency */,
			);
			name = gtest_main;
			productName = gtest_main;
			productReference = 7727B5454A9342259C099315 /* gtest_main */;
			productType = "com.apple.product-type.library.static";
		};
		BE2EC6E08A914FC4AA5B6D37 /* gtest */ = {
			isa = PBXNativeTarget;
			buildConfigurationList = E250DAC62F7B4F40B3F6BB59 /* Build configuration list for PBXNativeTarget "gtest" */;
			buildPhases = (
				47969A827A0F491A987F78D3 /* Sources */,
				86B7E63BE4F14E0BA9AD5FB3 /* Frameworks */,
			);
			buildRules = (
			);
			dependencies = (
				0FD4FF4749854207BC935DD9 /* PBXTargetDependency */,
			);
			name = gtest;
			productName = gtest;
			productReference = 299EFB5136BE49458F92E7D0 /* gtest */;
			productType = "com.apple.product-type.library.static";
		};
/* End PBXNativeTarget section */

/* Begin PBXProject section */
		743C9C7B3CE544F5837D878F /* Project object */ = {
			isa = PBXProject;
			attributes = {
				BuildIndependentTargetsInParallel = YES;
				LastUpgradeCheck = 1430;
			};
			buildConfigurationList = 96490EB24BE84F3DB849FE86 /* Build configuration list for PBXProject "gtest" */;
			buildSettings = {
			};
			buildStyles = (
				C822E7661F884A269ACAE3C9 /* Debug */,
				EBCBCD53F96D417D85940A1F /* Release */,
				8823F2F90BE94C34BD528580 /* MinSizeRel */,
				DFBD1254DCB4403286895F7F /* RelWithDebInfo */,
			);
			compatibilityVersion = "Xcode 3.2";
			hasScannedForEncodings = 0;
			mainGroup = 9061C7FAA6C24F2882B94081;
			projectDirPath = /Users/tobiash/Projects/DearUI/Blink2D/extern/googletest/googletest;
			projectRoot = "";
			targets = (
				17346BAE6C1E4AE1909EDB7B /* ALL_BUILD */,
				323B1BDBA8974769A6753696 /* RUN_TESTS */,
				668DFFD787644766BABFAD36 /* ZERO_CHECK */,
				BE2EC6E08A914FC4AA5B6D37 /* gtest */,
				23FE403B6A18430C86C439FC /* gtest_main */,
				790F58B9F9494A8B844FC7C9 /* install */,
			);
		};
/* End PBXProject section */

/* Begin PBXShellScriptBuildPhase section */
		003C8D08B0008F35F218E126 /* CMake PostBuild Rules */ = {
			isa = PBXShellScriptBuildPhase;
			alwaysOutOfDate = 1;
			buildActionMask = 2147483647;
			files = (
			);
			name = "CMake PostBuild Rules";
			outputPaths = (
			);
			runOnlyForDeploymentPostprocessing = 0;
			shellPath = /bin/sh;
			shellScript = "set -e
if test \"$CONFIGURATION\" = \"Debug\"; then :
  cd /Users/tobiash/Projects/DearUI/Blink2D/tests/googletest
  /usr/local/Cellar/cmake/3.28.1/bin/ctest --force-new-ctest-process -C $CONFIGURATION$EFFECTIVE_PLATFORM_NAME
fi
if test \"$CONFIGURATION\" = \"Release\"; then :
  cd /Users/tobiash/Projects/DearUI/Blink2D/tests/googletest
  /usr/local/Cellar/cmake/3.28.1/bin/ctest --force-new-ctest-process -C $CONFIGURATION$EFFECTIVE_PLATFORM_NAME
fi
if test \"$CONFIGURATION\" = \"MinSizeRel\"; then :
  cd /Users/tobiash/Projects/DearUI/Blink2D/tests/googletest
  /usr/local/Cellar/cmake/3.28.1/bin/ctest --force-new-ctest-process -C $CONFIGURATION$EFFECTIVE_PLATFORM_NAME
fi
if test \"$CONFIGURATION\" = \"RelWithDebInfo\"; then :
  cd /Users/tobiash/Projects/DearUI/Blink2D/tests/googletest
  /usr/local/Cellar/cmake/3.28.1/bin/ctest --force-new-ctest-process -C $CONFIGURATION$EFFECTIVE_PLATFORM_NAME
fi
";
			showEnvVarsInLog = 0;
		};
		1E36C6291701C5A33D3E19C1 /* Generate CMakeFiles/ALL_BUILD */ = {
			isa = PBXShellScriptBuildPhase;
			alwaysOutOfDate = 1;
			buildActionMask = 2147483647;
			files = (
			);
			inputPaths = (
			);
			name = "Generate CMakeFiles/ALL_BUILD";
			outputPaths = (
/Users/tobiash/Projects/DearUI/Blink2D/tests/googletest/CMakeFiles/ALL_BUILD			);
			runOnlyForDeploymentPostprocessing = 0;
			shellPath = /bin/sh;
			shellScript = "set -e
if test \"$CONFIGURATION\" = \"Debug\"; then :
  cd /Users/tobiash/Projects/DearUI/Blink2D/tests/googletest
  echo Build\\ all\\ projects
fi
if test \"$CONFIGURATION\" = \"Release\"; then :
  cd /Users/tobiash/Projects/DearUI/Blink2D/tests/googletest
  echo Build\\ all\\ projects
fi
if test \"$CONFIGURATION\" = \"MinSizeRel\"; then :
  cd /Users/tobiash/Projects/DearUI/Blink2D/tests/googletest
  echo Build\\ all\\ projects
fi
if test \"$CONFIGURATION\" = \"RelWithDebInfo\"; then :
  cd /Users/tobiash/Projects/DearUI/Blink2D/tests/googletest
  echo Build\\ all\\ projects
fi
";
			showEnvVarsInLog = 0;
		};
		3C0110FC8322DE7E50886E21 = {
			isa = PBXShellScriptBuildPhase;
			buildActionMask = 2147483647;
			files = (
			);
			inputPaths = (
			);
			outputPaths = (
			);
			runOnlyForDeploymentPostprocessing = 0;
			shellPath = /bin/sh;
			shellScript = "# shell script goes here
exit 0";
			showEnvVarsInLog = 0;
		};
		87AF4882E018677E2624B544 = {
			isa = PBXShellScriptBuildPhase;
			buildActionMask = 2147483647;
			files = (
			);
			inputPaths = (
			);
			outputPaths = (
			);
			runOnlyForDeploymentPostprocessing = 0;
			shellPath = /bin/sh;
			shellScript = "# shell script goes here
exit 0";
			showEnvVarsInLog = 0;
		};
		910A41151295C5F9742C25BD = {
			isa = PBXShellScriptBuildPhase;
			buildActionMask = 2147483647;
			files = (
			);
			inputPaths = (
			);
			outputPaths = (
			);
			runOnlyForDeploymentPostprocessing = 0;
			shellPath = /bin/sh;
			shellScript = "# shell script goes here
exit 0";
			showEnvVarsInLog = 0;
		};
		93426DA6A4AC2C2AC9CE883C /* CMake PostBuild Rules */ = {
			isa = PBXShellScriptBuildPhase;
			alwaysOutOfDate = 1;
			buildActionMask = 2147483647;
			files = (
			);
			name = "CMake PostBuild Rules";
			outputPaths = (
			);
			runOnlyForDeploymentPostprocessing = 0;
			shellPath = /bin/sh;
			shellScript = "set -e
if test \"$CONFIGURATION\" = \"Debug\"; then :
  cd /Users/tobiash/Projects/DearUI/Blink2D/tests/googletest
  /usr/local/Cellar/cmake/3.28.1/bin/cmake -DBUILD_TYPE=$CONFIGURATION$EFFECTIVE_PLATFORM_NAME -P cmake_install.cmake
fi
if test \"$CONFIGURATION\" = \"Release\"; then :
  cd /Users/tobiash/Projects/DearUI/Blink2D/tests/googletest
  /usr/local/Cellar/cmake/3.28.1/bin/cmake -DBUILD_TYPE=$CONFIGURATION$EFFECTIVE_PLATFORM_NAME -P cmake_install.cmake
fi
if test \"$CONFIGURATION\" = \"MinSizeRel\"; then :
  cd /Users/tobiash/Projects/DearUI/Blink2D/tests/googletest
  /usr/local/Cellar/cmake/3.28.1/bin/cmake -DBUILD_TYPE=$CONFIGURATION$EFFECTIVE_PLATFORM_NAME -P cmake_install.cmake
fi
if test \"$CONFIGURATION\" = \"RelWithDebInfo\"; then :
  cd /Users/tobiash/Projects/DearUI/Blink2D/tests/googletest
  /usr/local/Cellar/cmake/3.28.1/bin/cmake -DBUILD_TYPE=$CONFIGURATION$EFFECTIVE_PLATFORM_NAME -P cmake_install.cmake
fi
";
			showEnvVarsInLog = 0;
		};
		9B50530E35CC49C82C2FACCF = {
			isa = PBXShellScriptBuildPhase;
			buildActionMask = 2147483647;
			files = (
			);
			inputPaths = (
			);
			outputPaths = (
			);
			runOnlyForDeploymentPostprocessing = 0;
			shellPath = /bin/sh;
			shellScript = "# shell script goes here
exit 0";
			showEnvVarsInLog = 0;
		};
		E4CE50E099490838E5D444A9 /* Generate CMakeFiles/ZERO_CHECK */ = {
			isa = PBXShellScriptBuildPhase;
			alwaysOutOfDate = 1;
			buildActionMask = 2147483647;
			files = (
			);
			inputPaths = (
			);
			name = "Generate CMakeFiles/ZERO_CHECK";
			outputPaths = (
/Users/tobiash/Projects/DearUI/Blink2D/tests/googletest/CMakeFiles/ZERO_CHECK			);
			runOnlyForDeploymentPostprocessing = 0;
			shellPath = /bin/sh;
			shellScript = "set -e
if test \"$CONFIGURATION\" = \"Debug\"; then :
  cd /Users/tobiash/Projects/DearUI/Blink2D/tests/googletest
  make -f /Users/tobiash/Projects/DearUI/Blink2D/tests/googletest/CMakeScripts/ReRunCMake.make
fi
if test \"$CONFIGURATION\" = \"Release\"; then :
  cd /Users/tobiash/Projects/DearUI/Blink2D/tests/googletest
  make -f /Users/tobiash/Projects/DearUI/Blink2D/tests/googletest/CMakeScripts/ReRunCMake.make
fi
if test \"$CONFIGURATION\" = \"MinSizeRel\"; then :
  cd /Users/tobiash/Projects/DearUI/Blink2D/tests/googletest
  make -f /Users/tobiash/Projects/DearUI/Blink2D/tests/googletest/CMakeScripts/ReRunCMake.make
fi
if test \"$CONFIGURATION\" = \"RelWithDebInfo\"; then :
  cd /Users/tobiash/Projects/DearUI/Blink2D/tests/googletest
  make -f /Users/tobiash/Projects/DearUI/Blink2D/tests/googletest/CMakeScripts/ReRunCMake.make
fi
";
			showEnvVarsInLog = 0;
		};
/* End PBXShellScriptBuildPhase section */

/* Begin PBXSourcesBuildPhase section */
		47969A827A0F491A987F78D3 /* Sources */ = {
			isa = PBXSourcesBuildPhase;
			buildActionMask = 2147483647;
			files = (
				4187C3684BAF40409268553C /* /Users/tobiash/Projects/DearUI/Blink2D/extern/googletest/googletest/src/gtest-all.cc */,
			);
			runOnlyForDeploymentPostprocessing = 0;
		};
		DE5BC9510DB843588264608A /* Sources */ = {
			isa = PBXSourcesBuildPhase;
			buildActionMask = 2147483647;
			files = (
				AB6FADC1B62B44D9842E3630 /* /Users/tobiash/Projects/DearUI/Blink2D/extern/googletest/googletest/src/gtest_main.cc */,
			);
			runOnlyForDeploymentPostprocessing = 0;
		};
/* End PBXSourcesBuildPhase section */

/* Begin PBXTargetDependency section */
		09B9F5A0D9824E4D87CFFB2E /* PBXTargetDependency */ = {
			isa = PBXTargetDependency;
			target = 17346BAE6C1E4AE1909EDB7B /* ALL_BUILD */;
			targetProxy = 6E7E13657B294381BB74B634 /* PBXContainerItemProxy */;
		};
		0FD4FF4749854207BC935DD9 /* PBXTargetDependency */ = {
			isa = PBXTargetDependency;
			target = 668DFFD787644766BABFAD36 /* ZERO_CHECK */;
			targetProxy = 45AF6328C6024AC2B9D08BFA /* PBXContainerItemProxy */;
		};
		4298305DBC2C4F81B8755ADB /* PBXTargetDependency */ = {
			isa = PBXTargetDependency;
			target = BE2EC6E08A914FC4AA5B6D37 /* gtest */;
			targetProxy = A4F3741BC16E4BC5B72BEB4E /* PBXContainerItemProxy */;
		};
		6731F100ADC84A3A952FEFF8 /* PBXTargetDependency */ = {
			isa = PBXTargetDependency;
			target = BE2EC6E08A914FC4AA5B6D37 /* gtest */;
			targetProxy = C7192D3C4FA24B64B4B60741 /* PBXContainerItemProxy */;
		};
		6EF04020153D4D38A147EDFB /* PBXTargetDependency */ = {
			isa = PBXTargetDependency;
			target = 668DFFD787644766BABFAD36 /* ZERO_CHECK */;
			targetProxy = 6323B11634614C269200ED41 /* PBXContainerItemProxy */;
		};
		7BA823E0A8CE473A97470516 /* PBXTargetDependency */ = {
			isa = PBXTargetDependency;
			target = 23FE403B6A18430C86C439FC /* gtest_main */;
			targetProxy = BD78D232440D49FD93A2D22B /* PBXContainerItemProxy */;
		};
		8DF96DD4B5C14F8D8D6507C8 /* PBXTargetDependency */ = {
			isa = PBXTargetDependency;
			target = 668DFFD787644766BABFAD36 /* ZERO_CHECK */;
			targetProxy = 80C5462214F8400E84F5D14D /* PBXContainerItemProxy */;
		};
/* End PBXTargetDependency section */

/* Begin XCBuildConfiguration section */
		041B1F3ADB0045A5A8F0D99D /* RelWithDebInfo */ = {
			isa = XCBuildConfiguration;
			buildSettings = {
				ARCHS = "$(NATIVE_ARCH_ACTUAL)";
				ONLY_ACTIVE_ARCH = YES;
				SDKROOT = /Applications/Xcode.app/Contents/Developer/Platforms/MacOSX.platform/Developer/SDKs/MacOSX13.3.sdk;
				SWIFT_COMPILATION_MODE = wholemodule;
				SYMROOT = /Users/tobiash/Projects/DearUI/Blink2D/xcodeproject/build;
			};
			name = RelWithDebInfo;
		};
		0E2ADC251BD24A9C97CD3D35 /* RelWithDebInfo */ = {
			isa = XCBuildConfiguration;
			buildSettings = {
				ALWAYS_SEARCH_USER_PATHS = NO;
				COMBINE_HIDPI_IMAGES = YES;
				GCC_GENERATE_DEBUGGING_SYMBOLS = YES;
				GCC_INLINES_ARE_PRIVATE_EXTERN = NO;
				GCC_OPTIMIZATION_LEVEL = 0;
				GCC_PREPROCESSOR_DEFINITIONS = ("'CMAKE_INTDIR=\"$(CONFIGURATION)$(EFFECTIVE_PLATFORM_NAME)\"'","$(inherited)");
				GCC_SYMBOLS_PRIVATE_EXTERN = NO;
				INSTALL_PATH = "";
				OTHER_LDFLAGS = ("","$(inherited)");
				OTHER_REZFLAGS = "";
				PRODUCT_NAME = install;
				SECTORDER_FLAGS = "";
				USE_HEADERMAP = NO;
				WARNING_CFLAGS = ("$(inherited)");
			};
			name = RelWithDebInfo;
		};
		10BE1794E23143AC83B1A061 /* Debug */ = {
			isa = XCBuildConfiguration;
			buildSettings = {
				ALWAYS_SEARCH_USER_PATHS = NO;
				COMBINE_HIDPI_IMAGES = YES;
				GCC_GENERATE_DEBUGGING_SYMBOLS = YES;
				GCC_INLINES_ARE_PRIVATE_EXTERN = NO;
				GCC_OPTIMIZATION_LEVEL = 0;
				GCC_PREPROCESSOR_DEFINITIONS = ("'CMAKE_INTDIR=\"$(CONFIGURATION)$(EFFECTIVE_PLATFORM_NAME)\"'","$(inherited)");
				GCC_SYMBOLS_PRIVATE_EXTERN = NO;
				INSTALL_PATH = "";
				OTHER_LDFLAGS = ("","$(inherited)");
				OTHER_REZFLAGS = "";
				PRODUCT_NAME = install;
				SECTORDER_FLAGS = "";
				USE_HEADERMAP = NO;
				WARNING_CFLAGS = ("$(inherited)");
			};
			name = Debug;
		};
		10D7244F4421417EA83C7C88 /* MinSizeRel */ = {
			isa = XCBuildConfiguration;
			buildSettings = {
				ARCHS = "$(NATIVE_ARCH_ACTUAL)";
				ONLY_ACTIVE_ARCH = YES;
				SDKROOT = /Applications/Xcode.app/Contents/Developer/Platforms/MacOSX.platform/Developer/SDKs/MacOSX13.3.sdk;
				SWIFT_COMPILATION_MODE = wholemodule;
				SYMROOT = /Users/tobiash/Projects/DearUI/Blink2D/xcodeproject/build;
			};
			name = MinSizeRel;
		};
		163FAABC7C8C42EC99CEFFA3 /* Debug */ = {
			isa = XCBuildConfiguration;
			buildSettings = {
				ALWAYS_SEARCH_USER_PATHS = NO;
				COMBINE_HIDPI_IMAGES = YES;
				GCC_GENERATE_DEBUGGING_SYMBOLS = YES;
				GCC_INLINES_ARE_PRIVATE_EXTERN = NO;
				GCC_OPTIMIZATION_LEVEL = 0;
				GCC_PREPROCESSOR_DEFINITIONS = ("'CMAKE_INTDIR=\"$(CONFIGURATION)$(EFFECTIVE_PLATFORM_NAME)\"'","$(inherited)");
				GCC_SYMBOLS_PRIVATE_EXTERN = NO;
				INSTALL_PATH = "";
				OTHER_LDFLAGS = ("","$(inherited)");
				OTHER_REZFLAGS = "";
				PRODUCT_NAME = ALL_BUILD;
				SECTORDER_FLAGS = "";
				USE_HEADERMAP = NO;
				WARNING_CFLAGS = ("$(inherited)");
			};
			name = Debug;
		};
		18607E98D29742ABBFE8AEB7 /* MinSizeRel */ = {
			isa = XCBuildConfiguration;
			buildSettings = {
				ALWAYS_SEARCH_USER_PATHS = NO;
				COMBINE_HIDPI_IMAGES = YES;
				GCC_GENERATE_DEBUGGING_SYMBOLS = YES;
				GCC_INLINES_ARE_PRIVATE_EXTERN = NO;
				GCC_OPTIMIZATION_LEVEL = 0;
				GCC_PREPROCESSOR_DEFINITIONS = ("'CMAKE_INTDIR=\"$(CONFIGURATION)$(EFFECTIVE_PLATFORM_NAME)\"'","$(inherited)");
				GCC_SYMBOLS_PRIVATE_EXTERN = NO;
				INSTALL_PATH = "";
				OTHER_LDFLAGS = ("","$(inherited)");
				OTHER_REZFLAGS = "";
				PRODUCT_NAME = ALL_BUILD;
				SECTORDER_FLAGS = "";
				USE_HEADERMAP = NO;
				WARNING_CFLAGS = ("$(inherited)");
			};
			name = MinSizeRel;
		};
		1A3495E23DBF46EE8E986A3C /* Debug */ = {
			isa = XCBuildConfiguration;
			buildSettings = {
				ALWAYS_SEARCH_USER_PATHS = NO;
				COMBINE_HIDPI_IMAGES = YES;
				CONFIGURATION_BUILD_DIR = /Users/tobiash/Projects/DearUI/Blink2D/xcodeproject/lib/Debug;
				EXECUTABLE_PREFIX = lib;
				EXECUTABLE_SUFFIX = .a;
				GCC_GENERATE_DEBUGGING_SYMBOLS = YES;
				GCC_INLINES_ARE_PRIVATE_EXTERN = NO;
				GCC_OPTIMIZATION_LEVEL = 0;
				GCC_PREPROCESSOR_DEFINITIONS = ("'CMAKE_INTDIR=\"$(CONFIGURATION)$(EFFECTIVE_PLATFORM_NAME)\"'","$(inherited)");
				GCC_SYMBOLS_PRIVATE_EXTERN = NO;
				HEADER_SEARCH_PATHS = (/usr/local/include,"$(inherited)");
				INSTALL_PATH = "";
				LIBRARY_STYLE = STATIC;
				OTHER_CPLUSPLUSFLAGS = "   '-std=c++20'  -DGTEST_HAS_PTHREAD=1   ";
				OTHER_LIBTOOLFLAGS = ("");
				OTHER_REZFLAGS = "";
				PRODUCT_NAME = gtest_main;
				SECTORDER_FLAGS = "";
				SYSTEM_HEADER_SEARCH_PATHS = (/Users/tobiash/Projects/DearUI/Blink2D/extern/googletest/googletest/include,/Users/tobiash/Projects/DearUI/Blink2D/extern/googletest/googletest,"$(inherited)");
				TARGET_TEMP_DIR = "/Users/tobiash/Projects/DearUI/Blink2D/xcodeproject/build/gtest_main.build/$(CONFIGURATION)$(EFFECTIVE_PLATFORM_NAME)";
				USE_HEADERMAP = NO;
				WARNING_CFLAGS = ("$(inherited)");
			};
			name = Debug;
		};
		243008A7F68545AAA38762DD /* Release */ = {
			isa = XCBuildConfiguration;
			buildSettings = {
				ALWAYS_SEARCH_USER_PATHS = NO;
				COMBINE_HIDPI_IMAGES = YES;
				GCC_GENERATE_DEBUGGING_SYMBOLS = YES;
				GCC_INLINES_ARE_PRIVATE_EXTERN = NO;
				GCC_OPTIMIZATION_LEVEL = 0;
				GCC_PREPROCESSOR_DEFINITIONS = ("'CMAKE_INTDIR=\"$(CONFIGURATION)$(EFFECTIVE_PLATFORM_NAME)\"'","$(inherited)");
				GCC_SYMBOLS_PRIVATE_EXTERN = NO;
				INSTALL_PATH = "";
				OTHER_LDFLAGS = ("","$(inherited)");
				OTHER_REZFLAGS = "";
				PRODUCT_NAME = ZERO_CHECK;
				SECTORDER_FLAGS = "";
				USE_HEADERMAP = NO;
				WARNING_CFLAGS = ("$(inherited)");
			};
			name = Release;
		};
		2C881841369F4D4DAE03F2B0 /* RelWithDebInfo */ = {
			isa = XCBuildConfiguration;
			buildSettings = {
				ALWAYS_SEARCH_USER_PATHS = NO;
				COMBINE_HIDPI_IMAGES = YES;
				GCC_GENERATE_DEBUGGING_SYMBOLS = YES;
				GCC_INLINES_ARE_PRIVATE_EXTERN = NO;
				GCC_OPTIMIZATION_LEVEL = 0;
				GCC_PREPROCESSOR_DEFINITIONS = ("'CMAKE_INTDIR=\"$(CONFIGURATION)$(EFFECTIVE_PLATFORM_NAME)\"'","$(inherited)");
				GCC_SYMBOLS_PRIVATE_EXTERN = NO;
				INSTALL_PATH = "";
				OTHER_LDFLAGS = ("","$(inherited)");
				OTHER_REZFLAGS = "";
				PRODUCT_NAME = ALL_BUILD;
				SECTORDER_FLAGS = "";
				USE_HEADERMAP = NO;
				WARNING_CFLAGS = ("$(inherited)");
			};
			name = RelWithDebInfo;
		};
		2E735641046649E0B4562260 /* Release */ = {
			isa = XCBuildConfiguration;
			buildSettings = {
				ALWAYS_SEARCH_USER_PATHS = NO;
				COMBINE_HIDPI_IMAGES = YES;
				GCC_GENERATE_DEBUGGING_SYMBOLS = YES;
				GCC_INLINES_ARE_PRIVATE_EXTERN = NO;
				GCC_OPTIMIZATION_LEVEL = 0;
				GCC_PREPROCESSOR_DEFINITIONS = ("'CMAKE_INTDIR=\"$(CONFIGURATION)$(EFFECTIVE_PLATFORM_NAME)\"'","$(inherited)");
				GCC_SYMBOLS_PRIVATE_EXTERN = NO;
				INSTALL_PATH = "";
				OTHER_LDFLAGS = ("","$(inherited)");
				OTHER_REZFLAGS = "";
				PRODUCT_NAME = install;
				SECTORDER_FLAGS = "";
				USE_HEADERMAP = NO;
				WARNING_CFLAGS = ("$(inherited)");
			};
			name = Release;
		};
		414166F1CE194C149F3885EA /* Debug */ = {
			isa = XCBuildConfiguration;
			buildSettings = {
				ALWAYS_SEARCH_USER_PATHS = NO;
				COMBINE_HIDPI_IMAGES = YES;
				GCC_GENERATE_DEBUGGING_SYMBOLS = YES;
				GCC_INLINES_ARE_PRIVATE_EXTERN = NO;
				GCC_OPTIMIZATION_LEVEL = 0;
				GCC_PREPROCESSOR_DEFINITIONS = ("'CMAKE_INTDIR=\"$(CONFIGURATION)$(EFFECTIVE_PLATFORM_NAME)\"'","$(inherited)");
				GCC_SYMBOLS_PRIVATE_EXTERN = NO;
				INSTALL_PATH = "";
				OTHER_LDFLAGS = ("","$(inherited)");
				OTHER_REZFLAGS = "";
				PRODUCT_NAME = RUN_TESTS;
				SECTORDER_FLAGS = "";
				USE_HEADERMAP = NO;
				WARNING_CFLAGS = ("$(inherited)");
			};
			name = Debug;
		};
		4564BD991A294DECA9D1E17E /* RelWithDebInfo */ = {
			isa = XCBuildConfiguration;
			buildSettings = {
				ALWAYS_SEARCH_USER_PATHS = NO;
				COMBINE_HIDPI_IMAGES = YES;
				GCC_GENERATE_DEBUGGING_SYMBOLS = YES;
				GCC_INLINES_ARE_PRIVATE_EXTERN = NO;
				GCC_OPTIMIZATION_LEVEL = 0;
				GCC_PREPROCESSOR_DEFINITIONS = ("'CMAKE_INTDIR=\"$(CONFIGURATION)$(EFFECTIVE_PLATFORM_NAME)\"'","$(inherited)");
				GCC_SYMBOLS_PRIVATE_EXTERN = NO;
				INSTALL_PATH = "";
				OTHER_LDFLAGS = ("","$(inherited)");
				OTHER_REZFLAGS = "";
				PRODUCT_NAME = ZERO_CHECK;
				SECTORDER_FLAGS = "";
				USE_HEADERMAP = NO;
				WARNING_CFLAGS = ("$(inherited)");
			};
			name = RelWithDebInfo;
		};
		4A32B5A7056A489AA582245E /* MinSizeRel */ = {
			isa = XCBuildConfiguration;
			buildSettings = {
				ALWAYS_SEARCH_USER_PATHS = NO;
				COMBINE_HIDPI_IMAGES = YES;
				GCC_GENERATE_DEBUGGING_SYMBOLS = YES;
				GCC_INLINES_ARE_PRIVATE_EXTERN = NO;
				GCC_OPTIMIZATION_LEVEL = 0;
				GCC_PREPROCESSOR_DEFINITIONS = ("'CMAKE_INTDIR=\"$(CONFIGURATION)$(EFFECTIVE_PLATFORM_NAME)\"'","$(inherited)");
				GCC_SYMBOLS_PRIVATE_EXTERN = NO;
				INSTALL_PATH = "";
				OTHER_LDFLAGS = ("","$(inherited)");
				OTHER_REZFLAGS = "";
				PRODUCT_NAME = ZERO_CHECK;
				SECTORDER_FLAGS = "";
				USE_HEADERMAP = NO;
				WARNING_CFLAGS = ("$(inherited)");
			};
			name = MinSizeRel;
		};
		4D25B624E70947F9B13DB4F7 /* Release */ = {
			isa = XCBuildConfiguration;
			buildSettings = {
				ALWAYS_SEARCH_USER_PATHS = NO;
				COMBINE_HIDPI_IMAGES = YES;
				CONFIGURATION_BUILD_DIR = /Users/tobiash/Projects/DearUI/Blink2D/xcodeproject/lib/Release;
				EXECUTABLE_PREFIX = lib;
				EXECUTABLE_SUFFIX = .a;
				GCC_GENERATE_DEBUGGING_SYMBOLS = NO;
				GCC_INLINES_ARE_PRIVATE_EXTERN = NO;
				GCC_OPTIMIZATION_LEVEL = 3;
				GCC_PREPROCESSOR_DEFINITIONS = ("'CMAKE_INTDIR=\"$(CONFIGURATION)$(EFFECTIVE_PLATFORM_NAME)\"'","$(inherited)");
				GCC_SYMBOLS_PRIVATE_EXTERN = NO;
				HEADER_SEARCH_PATHS = (/usr/local/include,/Users/tobiash/Projects/DearUI/Blink2D/extern/googletest/googletest/include,/Users/tobiash/Projects/DearUI/Blink2D/extern/googletest/googletest,"$(inherited)");
				INSTALL_PATH = "";
				LIBRARY_STYLE = STATIC;
				OTHER_CPLUSPLUSFLAGS = "    -DNDEBUG '-std=c++20'  -DGTEST_HAS_PTHREAD=1   ";
				OTHER_LIBTOOLFLAGS = ("");
				OTHER_REZFLAGS = "";
				PRODUCT_NAME = gtest;
				SECTORDER_FLAGS = "";
				TARGET_TEMP_DIR = "/Users/tobiash/Projects/DearUI/Blink2D/xcodeproject/build/gtest.build/$(CONFIGURATION)$(EFFECTIVE_PLATFORM_NAME)";
				USE_HEADERMAP = NO;
				WARNING_CFLAGS = ("$(inherited)");
			};
			name = Release;
		};
		4DBF8911195E4E0C8154468B /* Release */ = {
			isa = XCBuildConfiguration;
			buildSettings = {
				ARCHS = "$(NATIVE_ARCH_ACTUAL)";
				ONLY_ACTIVE_ARCH = YES;
				SDKROOT = /Applications/Xcode.app/Contents/Developer/Platforms/MacOSX.platform/Developer/SDKs/MacOSX13.3.sdk;
				SWIFT_COMPILATION_MODE = wholemodule;
				SYMROOT = /Users/tobiash/Projects/DearUI/Blink2D/xcodeproject/build;
			};
			name = Release;
		};
		509145BD6DA44F13978143B8 /* MinSizeRel */ = {
			isa = XCBuildConfiguration;
			buildSettings = {
				ALWAYS_SEARCH_USER_PATHS = NO;
				COMBINE_HIDPI_IMAGES = YES;
				CONFIGURATION_BUILD_DIR = /Users/tobiash/Projects/DearUI/Blink2D/xcodeproject/lib/MinSizeRel;
				EXECUTABLE_PREFIX = lib;
				EXECUTABLE_SUFFIX = .a;
				GCC_GENERATE_DEBUGGING_SYMBOLS = NO;
				GCC_INLINES_ARE_PRIVATE_EXTERN = NO;
				GCC_OPTIMIZATION_LEVEL = s;
				GCC_PREPROCESSOR_DEFINITIONS = ("'CMAKE_INTDIR=\"$(CONFIGURATION)$(EFFECTIVE_PLATFORM_NAME)\"'","$(inherited)");
				GCC_SYMBOLS_PRIVATE_EXTERN = NO;
				HEADER_SEARCH_PATHS = (/usr/local/include,/Users/tobiash/Projects/DearUI/Blink2D/extern/googletest/googletest/include,/Users/tobiash/Projects/DearUI/Blink2D/extern/googletest/googletest,"$(inherited)");
				INSTALL_PATH = "";
				LIBRARY_STYLE = STATIC;
				OTHER_CPLUSPLUSFLAGS = "    -DNDEBUG '-std=c++20'  -DGTEST_HAS_PTHREAD=1   ";
				OTHER_LIBTOOLFLAGS = ("");
				OTHER_REZFLAGS = "";
				PRODUCT_NAME = gtest;
				SECTORDER_FLAGS = "";
				TARGET_TEMP_DIR = "/Users/tobiash/Projects/DearUI/Blink2D/xcodeproject/build/gtest.build/$(CONFIGURATION)$(EFFECTIVE_PLATFORM_NAME)";
				USE_HEADERMAP = NO;
				WARNING_CFLAGS = ("$(inherited)");
			};
			name = MinSizeRel;
		};
		5740C28A29DC422881056287 /* RelWithDebInfo */ = {
			isa = XCBuildConfiguration;
			buildSettings = {
				ALWAYS_SEARCH_USER_PATHS = NO;
				COMBINE_HIDPI_IMAGES = YES;
				CONFIGURATION_BUILD_DIR = /Users/tobiash/Projects/DearUI/Blink2D/xcodeproject/lib/RelWithDebInfo;
				EXECUTABLE_PREFIX = lib;
				EXECUTABLE_SUFFIX = .a;
				GCC_GENERATE_DEBUGGING_SYMBOLS = YES;
				GCC_INLINES_ARE_PRIVATE_EXTERN = NO;
				GCC_OPTIMIZATION_LEVEL = 2;
				GCC_PREPROCESSOR_DEFINITIONS = ("'CMAKE_INTDIR=\"$(CONFIGURATION)$(EFFECTIVE_PLATFORM_NAME)\"'","$(inherited)");
				GCC_SYMBOLS_PRIVATE_EXTERN = NO;
				HEADER_SEARCH_PATHS = (/usr/local/include,/Users/tobiash/Projects/DearUI/Blink2D/extern/googletest/googletest/include,/Users/tobiash/Projects/DearUI/Blink2D/extern/googletest/googletest,"$(inherited)");
				INSTALL_PATH = "";
				LIBRARY_STYLE = STATIC;
				OTHER_CPLUSPLUSFLAGS = "       -DNDEBUG '-std=c++20'  -DGTEST_HAS_PTHREAD=1   ";
				OTHER_LIBTOOLFLAGS = ("");
				OTHER_REZFLAGS = "";
				PRODUCT_NAME = gtest;
				SECTORDER_FLAGS = "";
				TARGET_TEMP_DIR = "/Users/tobiash/Projects/DearUI/Blink2D/xcodeproject/build/gtest.build/$(CONFIGURATION)$(EFFECTIVE_PLATFORM_NAME)";
				USE_HEADERMAP = NO;
				WARNING_CFLAGS = ("$(inherited)");
			};
			name = RelWithDebInfo;
		};
		5E8526ADF9D74AF99EDBC02B /* Debug */ = {
			isa = XCBuildConfiguration;
			buildSettings = {
				ARCHS = "$(NATIVE_ARCH_ACTUAL)";
				ONLY_ACTIVE_ARCH = YES;
				SDKROOT = /Applications/Xcode.app/Contents/Developer/Platforms/MacOSX.platform/Developer/SDKs/MacOSX13.3.sdk;
				SYMROOT = /Users/tobiash/Projects/DearUI/Blink2D/xcodeproject/build;
			};
			name = Debug;
		};
		6A44287CACC642B299A11A00 /* Debug */ = {
			isa = XCBuildConfiguration;
			buildSettings = {
				ALWAYS_SEARCH_USER_PATHS = NO;
				COMBINE_HIDPI_IMAGES = YES;
				GCC_GENERATE_DEBUGGING_SYMBOLS = YES;
				GCC_INLINES_ARE_PRIVATE_EXTERN = NO;
				GCC_OPTIMIZATION_LEVEL = 0;
				GCC_PREPROCESSOR_DEFINITIONS = ("'CMAKE_INTDIR=\"$(CONFIGURATION)$(EFFECTIVE_PLATFORM_NAME)\"'","$(inherited)");
				GCC_SYMBOLS_PRIVATE_EXTERN = NO;
				INSTALL_PATH = "";
				OTHER_LDFLAGS = ("","$(inherited)");
				OTHER_REZFLAGS = "";
				PRODUCT_NAME = ZERO_CHECK;
				SECTORDER_FLAGS = "";
				USE_HEADERMAP = NO;
				WARNING_CFLAGS = ("$(inherited)");
			};
			name = Debug;
		};
		6A9E2FAF79D64D8DBE0856A5 /* Release */ = {
			isa = XCBuildConfiguration;
			buildSettings = {
				ALWAYS_SEARCH_USER_PATHS = NO;
				COMBINE_HIDPI_IMAGES = YES;
				GCC_GENERATE_DEBUGGING_SYMBOLS = YES;
				GCC_INLINES_ARE_PRIVATE_EXTERN = NO;
				GCC_OPTIMIZATION_LEVEL = 0;
				GCC_PREPROCESSOR_DEFINITIONS = ("'CMAKE_INTDIR=\"$(CONFIGURATION)$(EFFECTIVE_PLATFORM_NAME)\"'","$(inherited)");
				GCC_SYMBOLS_PRIVATE_EXTERN = NO;
				INSTALL_PATH = "";
				OTHER_LDFLAGS = ("","$(inherited)");
				OTHER_REZFLAGS = "";
				PRODUCT_NAME = RUN_TESTS;
				SECTORDER_FLAGS = "";
				USE_HEADERMAP = NO;
				WARNING_CFLAGS = ("$(inherited)");
			};
			name = Release;
		};
		71AA792F9FE44D4F8849364A /* MinSizeRel */ = {
			isa = XCBuildConfiguration;
			buildSettings = {
				ALWAYS_SEARCH_USER_PATHS = NO;
				COMBINE_HIDPI_IMAGES = YES;
				GCC_GENERATE_DEBUGGING_SYMBOLS = YES;
				GCC_INLINES_ARE_PRIVATE_EXTERN = NO;
				GCC_OPTIMIZATION_LEVEL = 0;
				GCC_PREPROCESSOR_DEFINITIONS = ("'CMAKE_INTDIR=\"$(CONFIGURATION)$(EFFECTIVE_PLATFORM_NAME)\"'","$(inherited)");
				GCC_SYMBOLS_PRIVATE_EXTERN = NO;
				INSTALL_PATH = "";
				OTHER_LDFLAGS = ("","$(inherited)");
				OTHER_REZFLAGS = "";
				PRODUCT_NAME = install;
				SECTORDER_FLAGS = "";
				USE_HEADERMAP = NO;
				WARNING_CFLAGS = ("$(inherited)");
			};
			name = MinSizeRel;
		};
		7393F61F96134232977780BB /* RelWithDebInfo */ = {
			isa = XCBuildConfiguration;
			buildSettings = {
				ALWAYS_SEARCH_USER_PATHS = NO;
				COMBINE_HIDPI_IMAGES = YES;
				CONFIGURATION_BUILD_DIR = /Users/tobiash/Projects/DearUI/Blink2D/xcodeproject/lib/RelWithDebInfo;
				EXECUTABLE_PREFIX = lib;
				EXECUTABLE_SUFFIX = .a;
				GCC_GENERATE_DEBUGGING_SYMBOLS = YES;
				GCC_INLINES_ARE_PRIVATE_EXTERN = NO;
				GCC_OPTIMIZATION_LEVEL = 2;
				GCC_PREPROCESSOR_DEFINITIONS = ("'CMAKE_INTDIR=\"$(CONFIGURATION)$(EFFECTIVE_PLATFORM_NAME)\"'","$(inherited)");
				GCC_SYMBOLS_PRIVATE_EXTERN = NO;
				HEADER_SEARCH_PATHS = (/usr/local/include,"$(inherited)");
				INSTALL_PATH = "";
				LIBRARY_STYLE = STATIC;
				OTHER_CPLUSPLUSFLAGS = "       -DNDEBUG '-std=c++20'  -DGTEST_HAS_PTHREAD=1   ";
				OTHER_LIBTOOLFLAGS = ("");
				OTHER_REZFLAGS = "";
				PRODUCT_NAME = gtest_main;
				SECTORDER_FLAGS = "";
				SYSTEM_HEADER_SEARCH_PATHS = (/Users/tobiash/Projects/DearUI/Blink2D/extern/googletest/googletest/include,/Users/tobiash/Projects/DearUI/Blink2D/extern/googletest/googletest,"$(inherited)");
				TARGET_TEMP_DIR = "/Users/tobiash/Projects/DearUI/Blink2D/xcodeproject/build/gtest_main.build/$(CONFIGURATION)$(EFFECTIVE_PLATFORM_NAME)";
				USE_HEADERMAP = NO;
				WARNING_CFLAGS = ("$(inherited)");
			};
			name = RelWithDebInfo;
		};
		BD68099F754F42589615E306 /* Release */ = {
			isa = XCBuildConfiguration;
			buildSettings = {
				ALWAYS_SEARCH_USER_PATHS = NO;
				COMBINE_HIDPI_IMAGES = YES;
				GCC_GENERATE_DEBUGGING_SYMBOLS = YES;
				GCC_INLINES_ARE_PRIVATE_EXTERN = NO;
				GCC_OPTIMIZATION_LEVEL = 0;
				GCC_PREPROCESSOR_DEFINITIONS = ("'CMAKE_INTDIR=\"$(CONFIGURATION)$(EFFECTIVE_PLATFORM_NAME)\"'","$(inherited)");
				GCC_SYMBOLS_PRIVATE_EXTERN = NO;
				INSTALL_PATH = "";
				OTHER_LDFLAGS = ("","$(inherited)");
				OTHER_REZFLAGS = "";
				PRODUCT_NAME = ALL_BUILD;
				SECTORDER_FLAGS = "";
				USE_HEADERMAP = NO;
				WARNING_CFLAGS = ("$(inherited)");
			};
			name = Release;
		};
		BE1344E6430D4779826734DF /* Release */ = {
			isa = XCBuildConfiguration;
			buildSettings = {
				ALWAYS_SEARCH_USER_PATHS = NO;
				COMBINE_HIDPI_IMAGES = YES;
				CONFIGURATION_BUILD_DIR = /Users/tobiash/Projects/DearUI/Blink2D/xcodeproject/lib/Release;
				EXECUTABLE_PREFIX = lib;
				EXECUTABLE_SUFFIX = .a;
				GCC_GENERATE_DEBUGGING_SYMBOLS = NO;
				GCC_INLINES_ARE_PRIVATE_EXTERN = NO;
				GCC_OPTIMIZATION_LEVEL = 3;
				GCC_PREPROCESSOR_DEFINITIONS = ("'CMAKE_INTDIR=\"$(CONFIGURATION)$(EFFECTIVE_PLATFORM_NAME)\"'","$(inherited)");
				GCC_SYMBOLS_PRIVATE_EXTERN = NO;
				HEADER_SEARCH_PATHS = (/usr/local/include,"$(inherited)");
				INSTALL_PATH = "";
				LIBRARY_STYLE = STATIC;
				OTHER_CPLUSPLUSFLAGS = "    -DNDEBUG '-std=c++20'  -DGTEST_HAS_PTHREAD=1   ";
				OTHER_LIBTOOLFLAGS = ("");
				OTHER_REZFLAGS = "";
				PRODUCT_NAME = gtest_main;
				SECTORDER_FLAGS = "";
				SYSTEM_HEADER_SEARCH_PATHS = (/Users/tobiash/Projects/DearUI/Blink2D/extern/googletest/googletest/include,/Users/tobiash/Projects/DearUI/Blink2D/extern/googletest/googletest,"$(inherited)");
				TARGET_TEMP_DIR = "/Users/tobiash/Projects/DearUI/Blink2D/xcodeproject/build/gtest_main.build/$(CONFIGURATION)$(EFFECTIVE_PLATFORM_NAME)";
				USE_HEADERMAP = NO;
				WARNING_CFLAGS = ("$(inherited)");
			};
			name = Release;
		};
		CCAC4E49425841FD90D751B3 /* MinSizeRel */ = {
			isa = XCBuildConfiguration;
			buildSettings = {
				ALWAYS_SEARCH_USER_PATHS = NO;
				COMBINE_HIDPI_IMAGES = YES;
				GCC_GENERATE_DEBUGGING_SYMBOLS = YES;
				GCC_INLINES_ARE_PRIVATE_EXTERN = NO;
				GCC_OPTIMIZATION_LEVEL = 0;
				GCC_PREPROCESSOR_DEFINITIONS = ("'CMAKE_INTDIR=\"$(CONFIGURATION)$(EFFECTIVE_PLATFORM_NAME)\"'","$(inherited)");
				GCC_SYMBOLS_PRIVATE_EXTERN = NO;
				INSTALL_PATH = "";
				OTHER_LDFLAGS = ("","$(inherited)");
				OTHER_REZFLAGS = "";
				PRODUCT_NAME = RUN_TESTS;
				SECTORDER_FLAGS = "";
				USE_HEADERMAP = NO;
				WARNING_CFLAGS = ("$(inherited)");
			};
			name = MinSizeRel;
		};
		E2F5F12EB4D74D06898A832E /* RelWithDebInfo */ = {
			isa = XCBuildConfiguration;
			buildSettings = {
				ALWAYS_SEARCH_USER_PATHS = NO;
				COMBINE_HIDPI_IMAGES = YES;
				GCC_GENERATE_DEBUGGING_SYMBOLS = YES;
				GCC_INLINES_ARE_PRIVATE_EXTERN = NO;
				GCC_OPTIMIZATION_LEVEL = 0;
				GCC_PREPROCESSOR_DEFINITIONS = ("'CMAKE_INTDIR=\"$(CONFIGURATION)$(EFFECTIVE_PLATFORM_NAME)\"'","$(inherited)");
				GCC_SYMBOLS_PRIVATE_EXTERN = NO;
				INSTALL_PATH = "";
				OTHER_LDFLAGS = ("","$(inherited)");
				OTHER_REZFLAGS = "";
				PRODUCT_NAME = RUN_TESTS;
				SECTORDER_FLAGS = "";
				USE_HEADERMAP = NO;
				WARNING_CFLAGS = ("$(inherited)");
			};
			name = RelWithDebInfo;
		};
		E4BDAFDCF96444D9967DC871 /* MinSizeRel */ = {
			isa = XCBuildConfiguration;
			buildSettings = {
				ALWAYS_SEARCH_USER_PATHS = NO;
				COMBINE_HIDPI_IMAGES = YES;
				CONFIGURATION_BUILD_DIR = /Users/tobiash/Projects/DearUI/Blink2D/xcodeproject/lib/MinSizeRel;
				EXECUTABLE_PREFIX = lib;
				EXECUTABLE_SUFFIX = .a;
				GCC_GENERATE_DEBUGGING_SYMBOLS = NO;
				GCC_INLINES_ARE_PRIVATE_EXTERN = NO;
				GCC_OPTIMIZATION_LEVEL = s;
				GCC_PREPROCESSOR_DEFINITIONS = ("'CMAKE_INTDIR=\"$(CONFIGURATION)$(EFFECTIVE_PLATFORM_NAME)\"'","$(inherited)");
				GCC_SYMBOLS_PRIVATE_EXTERN = NO;
				HEADER_SEARCH_PATHS = (/usr/local/include,"$(inherited)");
				INSTALL_PATH = "";
				LIBRARY_STYLE = STATIC;
				OTHER_CPLUSPLUSFLAGS = "    -DNDEBUG '-std=c++20'  -DGTEST_HAS_PTHREAD=1   ";
				OTHER_LIBTOOLFLAGS = ("");
				OTHER_REZFLAGS = "";
				PRODUCT_NAME = gtest_main;
				SECTORDER_FLAGS = "";
				SYSTEM_HEADER_SEARCH_PATHS = (/Users/tobiash/Projects/DearUI/Blink2D/extern/googletest/googletest/include,/Users/tobiash/Projects/DearUI/Blink2D/extern/googletest/googletest,"$(inherited)");
				TARGET_TEMP_DIR = "/Users/tobiash/Projects/DearUI/Blink2D/xcodeproject/build/gtest_main.build/$(CONFIGURATION)$(EFFECTIVE_PLATFORM_NAME)";
				USE_HEADERMAP = NO;
				WARNING_CFLAGS = ("$(inherited)");
			};
			name = MinSizeRel;
		};
		E87D79029E874AADABFDC8F4 /* Debug */ = {
			isa = XCBuildConfiguration;
			buildSettings = {
				ALWAYS_SEARCH_USER_PATHS = NO;
				COMBINE_HIDPI_IMAGES = YES;
				CONFIGURATION_BUILD_DIR = /Users/tobiash/Projects/DearUI/Blink2D/xcodeproject/lib/Debug;
				EXECUTABLE_PREFIX = lib;
				EXECUTABLE_SUFFIX = .a;
				GCC_GENERATE_DEBUGGING_SYMBOLS = YES;
				GCC_INLINES_ARE_PRIVATE_EXTERN = NO;
				GCC_OPTIMIZATION_LEVEL = 0;
				GCC_PREPROCESSOR_DEFINITIONS = ("'CMAKE_INTDIR=\"$(CONFIGURATION)$(EFFECTIVE_PLATFORM_NAME)\"'","$(inherited)");
				GCC_SYMBOLS_PRIVATE_EXTERN = NO;
				HEADER_SEARCH_PATHS = (/usr/local/include,/Users/tobiash/Projects/DearUI/Blink2D/extern/googletest/googletest/include,/Users/tobiash/Projects/DearUI/Blink2D/extern/googletest/googletest,"$(inherited)");
				INSTALL_PATH = "";
				LIBRARY_STYLE = STATIC;
				OTHER_CPLUSPLUSFLAGS = "   '-std=c++20'  -DGTEST_HAS_PTHREAD=1   ";
				OTHER_LIBTOOLFLAGS = ("");
				OTHER_REZFLAGS = "";
				PRODUCT_NAME = gtest;
				SECTORDER_FLAGS = "";
				TARGET_TEMP_DIR = "/Users/tobiash/Projects/DearUI/Blink2D/xcodeproject/build/gtest.build/$(CONFIGURATION)$(EFFECTIVE_PLATFORM_NAME)";
				USE_HEADERMAP = NO;
				WARNING_CFLAGS = ("$(inherited)");
			};
			name = Debug;
		};
/* End XCBuildConfiguration section */

/* Begin XCConfigurationList section */
		08B844E61418447E8A12B3FE /* Build configuration list for PBXAggregateTarget "ALL_BUILD" */ = {
			isa = XCConfigurationList;
			buildConfigurations = (
				163FAABC7C8C42EC99CEFFA3 /* Debug */,
				BD68099F754F42589615E306 /* Release */,
				18607E98D29742ABBFE8AEB7 /* MinSizeRel */,
				2C881841369F4D4DAE03F2B0 /* RelWithDebInfo */,
			);
			defaultConfigurationIsVisible = 0;
			defaultConfigurationName = Debug;
		};
		1C7DC2CE38AB45F2BF63F640 /* Build configuration list for PBXAggregateTarget "ZERO_CHECK" */ = {
			isa = XCConfigurationList;
			buildConfigurations = (
				6A44287CACC642B299A11A00 /* Debug */,
				243008A7F68545AAA38762DD /* Release */,
				4A32B5A7056A489AA582245E /* MinSizeRel */,
				4564BD991A294DECA9D1E17E /* RelWithDebInfo */,
			);
			defaultConfigurationIsVisible = 0;
			defaultConfigurationName = Debug;
		};
		96490EB24BE84F3DB849FE86 /* Build configuration list for PBXProject "gtest" */ = {
			isa = XCConfigurationList;
			buildConfigurations = (
				5E8526ADF9D74AF99EDBC02B /* Debug */,
				4DBF8911195E4E0C8154468B /* Release */,
				10D7244F4421417EA83C7C88 /* MinSizeRel */,
				041B1F3ADB0045A5A8F0D99D /* RelWithDebInfo */,
			);
			defaultConfigurationIsVisible = 0;
			defaultConfigurationName = Debug;
		};
		AC987A2BF7784802A760412D /* Build configuration list for PBXAggregateTarget "RUN_TESTS" */ = {
			isa = XCConfigurationList;
			buildConfigurations = (
				414166F1CE194C149F3885EA /* Debug */,
				6A9E2FAF79D64D8DBE0856A5 /* Release */,
				CCAC4E49425841FD90D751B3 /* MinSizeRel */,
				E2F5F12EB4D74D06898A832E /* RelWithDebInfo */,
			);
			defaultConfigurationIsVisible = 0;
			defaultConfigurationName = Debug;
		};
		BE326259F2894410A74625D7 /* Build configuration list for PBXNativeTarget "gtest_main" */ = {
			isa = XCConfigurationList;
			buildConfigurations = (
				1A3495E23DBF46EE8E986A3C /* Debug */,
				BE1344E6430D4779826734DF /* Release */,
				E4BDAFDCF96444D9967DC871 /* MinSizeRel */,
				7393F61F96134232977780BB /* RelWithDebInfo */,
			);
			defaultConfigurationIsVisible = 0;
			defaultConfigurationName = Debug;
		};
		E250DAC62F7B4F40B3F6BB59 /* Build configuration list for PBXNativeTarget "gtest" */ = {
			isa = XCConfigurationList;
			buildConfigurations = (
				E87D79029E874AADABFDC8F4 /* Debug */,
				4D25B624E70947F9B13DB4F7 /* Release */,
				509145BD6DA44F13978143B8 /* MinSizeRel */,
				5740C28A29DC422881056287 /* RelWithDebInfo */,
			);
			defaultConfigurationIsVisible = 0;
			defaultConfigurationName = Debug;
		};
		F62A80E809334BCFB2EE79D0 /* Build configuration list for PBXAggregateTarget "install" */ = {
			isa = XCConfigurationList;
			buildConfigurations = (
				10BE1794E23143AC83B1A061 /* Debug */,
				2E735641046649E0B4562260 /* Release */,
				71AA792F9FE44D4F8849364A /* MinSizeRel */,
				0E2ADC251BD24A9C97CD3D35 /* RelWithDebInfo */,
			);
			defaultConfigurationIsVisible = 0;
			defaultConfigurationName = Debug;
		};
/* End XCConfigurationList section */
	};
	rootObject = 743C9C7B3CE544F5837D878F /* Project object */;
}
